// !$*UTF8*$!
{
	archiveVersion = 1;
	classes = {
	};
	objectVersion = 46;
	objects = {

/* Begin PBXBuildFile section */
		5609E88C1C2FBA0600B72BCC /* ProductAPI.plist in Resources */ = {isa = PBXBuildFile; fileRef = 5609E88B1C2FBA0600B72BCC /* ProductAPI.plist */; };
		5609E8A91C30190900B72BCC /* QMQHotNewsViewController.m in Sources */ = {isa = PBXBuildFile; fileRef = 5609E8A81C30190900B72BCC /* QMQHotNewsViewController.m */; };
		5609E8AC1C301CA100B72BCC /* QMQLatestNewsViewController.m in Sources */ = {isa = PBXBuildFile; fileRef = 5609E8AB1C301CA100B72BCC /* QMQLatestNewsViewController.m */; };
		5609E8B21C301CDC00B72BCC /* QMQThemesViewController.m in Sources */ = {isa = PBXBuildFile; fileRef = 5609E8B11C301CDC00B72BCC /* QMQThemesViewController.m */; };
		5609E8B81C301D1E00B72BCC /* QMQColumnViewController.m in Sources */ = {isa = PBXBuildFile; fileRef = 5609E8B71C301D1E00B72BCC /* QMQColumnViewController.m */; };
		5612A5271C57E591001F5C18 /* UIColorUtil.m in Sources */ = {isa = PBXBuildFile; fileRef = 5612A5231C57E591001F5C18 /* UIColorUtil.m */; };
		5612A5281C57E591001F5C18 /* UIImageUtil.m in Sources */ = {isa = PBXBuildFile; fileRef = 5612A5261C57E591001F5C18 /* UIImageUtil.m */; };
		5612A52B1C57E641001F5C18 /* UIButtonUtil.m in Sources */ = {isa = PBXBuildFile; fileRef = 5612A52A1C57E641001F5C18 /* UIButtonUtil.m */; };
		5620A4481C3D73AE00EDDD27 /* QMQHotNewsListModel.m in Sources */ = {isa = PBXBuildFile; fileRef = 5620A4471C3D73AE00EDDD27 /* QMQHotNewsListModel.m */; };
		5620A44B1C3D740400EDDD27 /* QMQHotNewsModel.m in Sources */ = {isa = PBXBuildFile; fileRef = 5620A44A1C3D740400EDDD27 /* QMQHotNewsModel.m */; };
		5620A44E1C3D7B2400EDDD27 /* QMQHotNewsListViewModel.m in Sources */ = {isa = PBXBuildFile; fileRef = 5620A44D1C3D7B2400EDDD27 /* QMQHotNewsListViewModel.m */; };
		56942B001C74583A0066188D /* QMQLatestNewsViewModel.m in Sources */ = {isa = PBXBuildFile; fileRef = 56942AFF1C74583A0066188D /* QMQLatestNewsViewModel.m */; };
		56942B031C746C7F0066188D /* QMQLatestNewsModel.m in Sources */ = {isa = PBXBuildFile; fileRef = 56942B021C746C7F0066188D /* QMQLatestNewsModel.m */; };
		56942B061C7475A70066188D /* QMQLatestNewsTableViewCell.m in Sources */ = {isa = PBXBuildFile; fileRef = 56942B051C7475A70066188D /* QMQLatestNewsTableViewCell.m */; };
		569A5AEB1C32CF400092ABA3 /* QMQHistoryNewsViewController.m in Sources */ = {isa = PBXBuildFile; fileRef = 569A5AE81C32CF400092ABA3 /* QMQHistoryNewsViewController.m */; };
		569EAD181C4DDEE3004158C9 /* iconfont.ttf in Resources */ = {isa = PBXBuildFile; fileRef = 569EAD171C4DDEE3004158C9 /* iconfont.ttf */; };
		56CFA0221C2F9BC7000779CF /* main.m in Sources */ = {isa = PBXBuildFile; fileRef = 56CFA0211C2F9BC7000779CF /* main.m */; };
		56CFA0251C2F9BC7000779CF /* AppDelegate.m in Sources */ = {isa = PBXBuildFile; fileRef = 56CFA0241C2F9BC7000779CF /* AppDelegate.m */; };
		56CFA0351C2F9BC7000779CF /* QMQZhiHuDailyTests.m in Sources */ = {isa = PBXBuildFile; fileRef = 56CFA0341C2F9BC7000779CF /* QMQZhiHuDailyTests.m */; };
		56CFA0401C2F9BC7000779CF /* QMQZhiHuDailyUITests.m in Sources */ = {isa = PBXBuildFile; fileRef = 56CFA03F1C2F9BC7000779CF /* QMQZhiHuDailyUITests.m */; };
		56D6286F1C31A890001B77FB /* icomoon.ttf in Resources */ = {isa = PBXBuildFile; fileRef = 56D6286E1C31A822001B77FB /* icomoon.ttf */; };
		56D628761C31B262001B77FB /* QMQPublicUtil.m in Sources */ = {isa = PBXBuildFile; fileRef = 56D628751C31B262001B77FB /* QMQPublicUtil.m */; };
		56ED33B01C579DE90061CA81 /* QMQIconFont.m in Sources */ = {isa = PBXBuildFile; fileRef = 56ED33AF1C579DE90061CA81 /* QMQIconFont.m */; };
		56ED33B81C57A6A10061CA81 /* QMQHttpBaseResponse.m in Sources */ = {isa = PBXBuildFile; fileRef = 56ED33B31C57A6A10061CA81 /* QMQHttpBaseResponse.m */; };
		56ED33B91C57A6A10061CA81 /* QMQHttpBaseService.m in Sources */ = {isa = PBXBuildFile; fileRef = 56ED33B51C57A6A10061CA81 /* QMQHttpBaseService.m */; };
		56ED33BA1C57A6A10061CA81 /* QMQHttpService.m in Sources */ = {isa = PBXBuildFile; fileRef = 56ED33B71C57A6A10061CA81 /* QMQHttpService.m */; };
		56F1ADF91C74A5C000DCA66C /* UIImageView+WebImageFadeInEffect.m in Sources */ = {isa = PBXBuildFile; fileRef = 56F1ADF81C74A5C000DCA66C /* UIImageView+WebImageFadeInEffect.m */; };
		56F48C921C3DFB310072822F /* UIView+Layout.m in Sources */ = {isa = PBXBuildFile; fileRef = 56F48C911C3DFB310072822F /* UIView+Layout.m */; };
		56F48C941C3E018D0072822F /* Images.xcassets in Resources */ = {isa = PBXBuildFile; fileRef = 56F48C931C3E018D0072822F /* Images.xcassets */; };
		FA1DF816B5A37427A158F9DB /* libPods.a in Frameworks */ = {isa = PBXBuildFile; fileRef = 707F5A0770E0D3E7504914E6 /* libPods.a */; };
/* End PBXBuildFile section */

/* Begin PBXContainerItemProxy section */
		56CFA0311C2F9BC7000779CF /* PBXContainerItemProxy */ = {
			isa = PBXContainerItemProxy;
			containerPortal = 56CFA0151C2F9BC7000779CF /* Project object */;
			proxyType = 1;
			remoteGlobalIDString = 56CFA01C1C2F9BC7000779CF;
			remoteInfo = QMQZhiHuDaily;
		};
		56CFA03C1C2F9BC7000779CF /* PBXContainerItemProxy */ = {
			isa = PBXContainerItemProxy;
			containerPortal = 56CFA0151C2F9BC7000779CF /* Project object */;
			proxyType = 1;
			remoteGlobalIDString = 56CFA01C1C2F9BC7000779CF;
			remoteInfo = QMQZhiHuDaily;
		};
/* End PBXContainerItemProxy section */

/* Begin PBXFileReference section */
		5609E88B1C2FBA0600B72BCC /* ProductAPI.plist */ = {isa = PBXFileReference; fileEncoding = 4; lastKnownFileType = text.plist.xml; path = ProductAPI.plist; sourceTree = "<group>"; };
		5609E8A71C30190900B72BCC /* QMQHotNewsViewController.h */ = {isa = PBXFileReference; fileEncoding = 4; lastKnownFileType = sourcecode.c.h; path = QMQHotNewsViewController.h; sourceTree = "<group>"; };
		5609E8A81C30190900B72BCC /* QMQHotNewsViewController.m */ = {isa = PBXFileReference; fileEncoding = 4; lastKnownFileType = sourcecode.c.objc; path = QMQHotNewsViewController.m; sourceTree = "<group>"; };
		5609E8AA1C301CA100B72BCC /* QMQLatestNewsViewController.h */ = {isa = PBXFileReference; fileEncoding = 4; lastKnownFileType = sourcecode.c.h; path = QMQLatestNewsViewController.h; sourceTree = "<group>"; };
		5609E8AB1C301CA100B72BCC /* QMQLatestNewsViewController.m */ = {isa = PBXFileReference; fileEncoding = 4; lastKnownFileType = sourcecode.c.objc; path = QMQLatestNewsViewController.m; sourceTree = "<group>"; };
		5609E8B01C301CDC00B72BCC /* QMQThemesViewController.h */ = {isa = PBXFileReference; fileEncoding = 4; lastKnownFileType = sourcecode.c.h; path = QMQThemesViewController.h; sourceTree = "<group>"; };
		5609E8B11C301CDC00B72BCC /* QMQThemesViewController.m */ = {isa = PBXFileReference; fileEncoding = 4; lastKnownFileType = sourcecode.c.objc; path = QMQThemesViewController.m; sourceTree = "<group>"; };
		5609E8B61C301D1E00B72BCC /* QMQColumnViewController.h */ = {isa = PBXFileReference; fileEncoding = 4; lastKnownFileType = sourcecode.c.h; path = QMQColumnViewController.h; sourceTree = "<group>"; };
		5609E8B71C301D1E00B72BCC /* QMQColumnViewController.m */ = {isa = PBXFileReference; fileEncoding = 4; lastKnownFileType = sourcecode.c.objc; path = QMQColumnViewController.m; sourceTree = "<group>"; };
		5612A5221C57E591001F5C18 /* UIColorUtil.h */ = {isa = PBXFileReference; fileEncoding = 4; lastKnownFileType = sourcecode.c.h; path = UIColorUtil.h; sourceTree = "<group>"; };
		5612A5231C57E591001F5C18 /* UIColorUtil.m */ = {isa = PBXFileReference; fileEncoding = 4; lastKnownFileType = sourcecode.c.objc; path = UIColorUtil.m; sourceTree = "<group>"; };
		5612A5251C57E591001F5C18 /* UIImageUtil.h */ = {isa = PBXFileReference; fileEncoding = 4; lastKnownFileType = sourcecode.c.h; path = UIImageUtil.h; sourceTree = "<group>"; };
		5612A5261C57E591001F5C18 /* UIImageUtil.m */ = {isa = PBXFileReference; fileEncoding = 4; lastKnownFileType = sourcecode.c.objc; path = UIImageUtil.m; sourceTree = "<group>"; };
		5612A5291C57E641001F5C18 /* UIButtonUtil.h */ = {isa = PBXFileReference; fileEncoding = 4; lastKnownFileType = sourcecode.c.h; path = UIButtonUtil.h; sourceTree = "<group>"; };
		5612A52A1C57E641001F5C18 /* UIButtonUtil.m */ = {isa = PBXFileReference; fileEncoding = 4; lastKnownFileType = sourcecode.c.objc; path = UIButtonUtil.m; sourceTree = "<group>"; };
		5620A4461C3D73AE00EDDD27 /* QMQHotNewsListModel.h */ = {isa = PBXFileReference; fileEncoding = 4; lastKnownFileType = sourcecode.c.h; path = QMQHotNewsListModel.h; sourceTree = "<group>"; };
		5620A4471C3D73AE00EDDD27 /* QMQHotNewsListModel.m */ = {isa = PBXFileReference; fileEncoding = 4; lastKnownFileType = sourcecode.c.objc; path = QMQHotNewsListModel.m; sourceTree = "<group>"; };
		5620A4491C3D740400EDDD27 /* QMQHotNewsModel.h */ = {isa = PBXFileReference; fileEncoding = 4; lastKnownFileType = sourcecode.c.h; path = QMQHotNewsModel.h; sourceTree = "<group>"; };
		5620A44A1C3D740400EDDD27 /* QMQHotNewsModel.m */ = {isa = PBXFileReference; fileEncoding = 4; lastKnownFileType = sourcecode.c.objc; path = QMQHotNewsModel.m; sourceTree = "<group>"; };
		5620A44C1C3D7B2400EDDD27 /* QMQHotNewsListViewModel.h */ = {isa = PBXFileReference; fileEncoding = 4; lastKnownFileType = sourcecode.c.h; path = QMQHotNewsListViewModel.h; sourceTree = "<group>"; };
		5620A44D1C3D7B2400EDDD27 /* QMQHotNewsListViewModel.m */ = {isa = PBXFileReference; fileEncoding = 4; lastKnownFileType = sourcecode.c.objc; path = QMQHotNewsListViewModel.m; sourceTree = "<group>"; };
		56942AFE1C74583A0066188D /* QMQLatestNewsViewModel.h */ = {isa = PBXFileReference; fileEncoding = 4; lastKnownFileType = sourcecode.c.h; path = QMQLatestNewsViewModel.h; sourceTree = "<group>"; };
		56942AFF1C74583A0066188D /* QMQLatestNewsViewModel.m */ = {isa = PBXFileReference; fileEncoding = 4; lastKnownFileType = sourcecode.c.objc; path = QMQLatestNewsViewModel.m; sourceTree = "<group>"; };
		56942B011C746C7F0066188D /* QMQLatestNewsModel.h */ = {isa = PBXFileReference; fileEncoding = 4; lastKnownFileType = sourcecode.c.h; path = QMQLatestNewsModel.h; sourceTree = "<group>"; };
		56942B021C746C7F0066188D /* QMQLatestNewsModel.m */ = {isa = PBXFileReference; fileEncoding = 4; lastKnownFileType = sourcecode.c.objc; path = QMQLatestNewsModel.m; sourceTree = "<group>"; };
		56942B041C7475A70066188D /* QMQLatestNewsTableViewCell.h */ = {isa = PBXFileReference; fileEncoding = 4; lastKnownFileType = sourcecode.c.h; path = QMQLatestNewsTableViewCell.h; sourceTree = "<group>"; };
		56942B051C7475A70066188D /* QMQLatestNewsTableViewCell.m */ = {isa = PBXFileReference; fileEncoding = 4; lastKnownFileType = sourcecode.c.objc; path = QMQLatestNewsTableViewCell.m; sourceTree = "<group>"; };
		569A5AE71C32CF400092ABA3 /* QMQHistoryNewsViewController.h */ = {isa = PBXFileReference; fileEncoding = 4; lastKnownFileType = sourcecode.c.h; path = QMQHistoryNewsViewController.h; sourceTree = "<group>"; };
		569A5AE81C32CF400092ABA3 /* QMQHistoryNewsViewController.m */ = {isa = PBXFileReference; fileEncoding = 4; lastKnownFileType = sourcecode.c.objc; path = QMQHistoryNewsViewController.m; sourceTree = "<group>"; };
		569EAD171C4DDEE3004158C9 /* iconfont.ttf */ = {isa = PBXFileReference; lastKnownFileType = file; path = iconfont.ttf; sourceTree = "<group>"; };
		56CFA01D1C2F9BC7000779CF /* QMQZhiHuDaily.app */ = {isa = PBXFileReference; explicitFileType = wrapper.application; includeInIndex = 0; path = QMQZhiHuDaily.app; sourceTree = BUILT_PRODUCTS_DIR; };
		56CFA0211C2F9BC7000779CF /* main.m */ = {isa = PBXFileReference; lastKnownFileType = sourcecode.c.objc; path = main.m; sourceTree = "<group>"; };
		56CFA0231C2F9BC7000779CF /* AppDelegate.h */ = {isa = PBXFileReference; lastKnownFileType = sourcecode.c.h; path = AppDelegate.h; sourceTree = "<group>"; };
		56CFA0241C2F9BC7000779CF /* AppDelegate.m */ = {isa = PBXFileReference; lastKnownFileType = sourcecode.c.objc; path = AppDelegate.m; sourceTree = "<group>"; };
		56CFA02B1C2F9BC7000779CF /* Info.plist */ = {isa = PBXFileReference; lastKnownFileType = text.plist.xml; path = Info.plist; sourceTree = "<group>"; };
		56CFA0301C2F9BC7000779CF /* QMQZhiHuDailyTests.xctest */ = {isa = PBXFileReference; explicitFileType = wrapper.cfbundle; includeInIndex = 0; path = QMQZhiHuDailyTests.xctest; sourceTree = BUILT_PRODUCTS_DIR; };
		56CFA0341C2F9BC7000779CF /* QMQZhiHuDailyTests.m */ = {isa = PBXFileReference; lastKnownFileType = sourcecode.c.objc; path = QMQZhiHuDailyTests.m; sourceTree = "<group>"; };
		56CFA0361C2F9BC7000779CF /* Info.plist */ = {isa = PBXFileReference; lastKnownFileType = text.plist.xml; path = Info.plist; sourceTree = "<group>"; };
		56CFA03B1C2F9BC7000779CF /* QMQZhiHuDailyUITests.xctest */ = {isa = PBXFileReference; explicitFileType = wrapper.cfbundle; includeInIndex = 0; path = QMQZhiHuDailyUITests.xctest; sourceTree = BUILT_PRODUCTS_DIR; };
		56CFA03F1C2F9BC7000779CF /* QMQZhiHuDailyUITests.m */ = {isa = PBXFileReference; lastKnownFileType = sourcecode.c.objc; path = QMQZhiHuDailyUITests.m; sourceTree = "<group>"; };
		56CFA0411C2F9BC7000779CF /* Info.plist */ = {isa = PBXFileReference; lastKnownFileType = text.plist.xml; path = Info.plist; sourceTree = "<group>"; };
		56D6286E1C31A822001B77FB /* icomoon.ttf */ = {isa = PBXFileReference; lastKnownFileType = file; path = icomoon.ttf; sourceTree = "<group>"; };
		56D628711C31AC08001B77FB /* QMQZhiHuDaily-Prefix.pch */ = {isa = PBXFileReference; lastKnownFileType = sourcecode.c.h; path = "QMQZhiHuDaily-Prefix.pch"; sourceTree = "<group>"; };
		56D628741C31B262001B77FB /* QMQPublicUtil.h */ = {isa = PBXFileReference; fileEncoding = 4; lastKnownFileType = sourcecode.c.h; path = QMQPublicUtil.h; sourceTree = "<group>"; };
		56D628751C31B262001B77FB /* QMQPublicUtil.m */ = {isa = PBXFileReference; fileEncoding = 4; lastKnownFileType = sourcecode.c.objc; path = QMQPublicUtil.m; sourceTree = "<group>"; };
		56ED33AE1C579DE90061CA81 /* QMQIconFont.h */ = {isa = PBXFileReference; fileEncoding = 4; lastKnownFileType = sourcecode.c.h; path = QMQIconFont.h; sourceTree = "<group>"; };
		56ED33AF1C579DE90061CA81 /* QMQIconFont.m */ = {isa = PBXFileReference; fileEncoding = 4; lastKnownFileType = sourcecode.c.objc; path = QMQIconFont.m; sourceTree = "<group>"; };
		56ED33B21C57A6A10061CA81 /* QMQHttpBaseResponse.h */ = {isa = PBXFileReference; fileEncoding = 4; lastKnownFileType = sourcecode.c.h; path = QMQHttpBaseResponse.h; sourceTree = "<group>"; };
		56ED33B31C57A6A10061CA81 /* QMQHttpBaseResponse.m */ = {isa = PBXFileReference; fileEncoding = 4; lastKnownFileType = sourcecode.c.objc; path = QMQHttpBaseResponse.m; sourceTree = "<group>"; };
		56ED33B41C57A6A10061CA81 /* QMQHttpBaseService.h */ = {isa = PBXFileReference; fileEncoding = 4; lastKnownFileType = sourcecode.c.h; path = QMQHttpBaseService.h; sourceTree = "<group>"; };
		56ED33B51C57A6A10061CA81 /* QMQHttpBaseService.m */ = {isa = PBXFileReference; fileEncoding = 4; lastKnownFileType = sourcecode.c.objc; path = QMQHttpBaseService.m; sourceTree = "<group>"; };
		56ED33B61C57A6A10061CA81 /* QMQHttpService.h */ = {isa = PBXFileReference; fileEncoding = 4; lastKnownFileType = sourcecode.c.h; path = QMQHttpService.h; sourceTree = "<group>"; };
		56ED33B71C57A6A10061CA81 /* QMQHttpService.m */ = {isa = PBXFileReference; fileEncoding = 4; lastKnownFileType = sourcecode.c.objc; path = QMQHttpService.m; sourceTree = "<group>"; };
		56ED33BE1C57A8140061CA81 /* ApiMacro.h */ = {isa = PBXFileReference; lastKnownFileType = sourcecode.c.h; path = ApiMacro.h; sourceTree = "<group>"; };
		56ED33BF1C57A8310061CA81 /* DimensMacros.h */ = {isa = PBXFileReference; lastKnownFileType = sourcecode.c.h; path = DimensMacros.h; sourceTree = "<group>"; };
		56ED33C01C57A8460061CA81 /* PathMacros.h */ = {isa = PBXFileReference; lastKnownFileType = sourcecode.c.h; path = PathMacros.h; sourceTree = "<group>"; };
		56ED33C11C57A8630061CA81 /* UtilsMacros.h */ = {isa = PBXFileReference; lastKnownFileType = sourcecode.c.h; path = UtilsMacros.h; sourceTree = "<group>"; };
		56ED33C21C57A8780061CA81 /* NotificationMacros.h */ = {isa = PBXFileReference; lastKnownFileType = sourcecode.c.h; path = NotificationMacros.h; sourceTree = "<group>"; };
		56ED33C41C57A8D60061CA81 /* Macros.h */ = {isa = PBXFileReference; lastKnownFileType = sourcecode.c.h; path = Macros.h; sourceTree = "<group>"; };
		56F1ADF71C74A5C000DCA66C /* UIImageView+WebImageFadeInEffect.h */ = {isa = PBXFileReference; fileEncoding = 4; lastKnownFileType = sourcecode.c.h; path = "UIImageView+WebImageFadeInEffect.h"; sourceTree = "<group>"; };
		56F1ADF81C74A5C000DCA66C /* UIImageView+WebImageFadeInEffect.m */ = {isa = PBXFileReference; fileEncoding = 4; lastKnownFileType = sourcecode.c.objc; path = "UIImageView+WebImageFadeInEffect.m"; sourceTree = "<group>"; };
		56F48C901C3DFB310072822F /* UIView+Layout.h */ = {isa = PBXFileReference; fileEncoding = 4; lastKnownFileType = sourcecode.c.h; path = "UIView+Layout.h"; sourceTree = "<group>"; };
		56F48C911C3DFB310072822F /* UIView+Layout.m */ = {isa = PBXFileReference; fileEncoding = 4; lastKnownFileType = sourcecode.c.objc; path = "UIView+Layout.m"; sourceTree = "<group>"; };
		56F48C931C3E018D0072822F /* Images.xcassets */ = {isa = PBXFileReference; lastKnownFileType = folder.assetcatalog; path = Images.xcassets; sourceTree = "<group>"; };
		707F5A0770E0D3E7504914E6 /* libPods.a */ = {isa = PBXFileReference; explicitFileType = archive.ar; includeInIndex = 0; path = libPods.a; sourceTree = BUILT_PRODUCTS_DIR; };
		A4EDD146FE73ACB078CEC730 /* Pods.debug.xcconfig */ = {isa = PBXFileReference; includeInIndex = 1; lastKnownFileType = text.xcconfig; name = Pods.debug.xcconfig; path = "Pods/Target Support Files/Pods/Pods.debug.xcconfig"; sourceTree = "<group>"; };
		E86FB02A1691273C4420DCD3 /* Pods.release.xcconfig */ = {isa = PBXFileReference; includeInIndex = 1; lastKnownFileType = text.xcconfig; name = Pods.release.xcconfig; path = "Pods/Target Support Files/Pods/Pods.release.xcconfig"; sourceTree = "<group>"; };
/* End PBXFileReference section */

/* Begin PBXFrameworksBuildPhase section */
		56CFA01A1C2F9BC7000779CF /* Frameworks */ = {
			isa = PBXFrameworksBuildPhase;
			buildActionMask = 2147483647;
			files = (
				FA1DF816B5A37427A158F9DB /* libPods.a in Frameworks */,
			);
			runOnlyForDeploymentPostprocessing = 0;
		};
		56CFA02D1C2F9BC7000779CF /* Frameworks */ = {
			isa = PBXFrameworksBuildPhase;
			buildActionMask = 2147483647;
			files = (
			);
			runOnlyForDeploymentPostprocessing = 0;
		};
		56CFA0381C2F9BC7000779CF /* Frameworks */ = {
			isa = PBXFrameworksBuildPhase;
			buildActionMask = 2147483647;
			files = (
			);
			runOnlyForDeploymentPostprocessing = 0;
		};
/* End PBXFrameworksBuildPhase section */

/* Begin PBXGroup section */
		5609E8931C3018F100B72BCC /* Column */ = {
			isa = PBXGroup;
			children = (
				5609E8941C3018F100B72BCC /* Controller */,
				5609E8951C3018F100B72BCC /* Model */,
				5609E8961C3018F100B72BCC /* View */,
			);
			path = Column;
			sourceTree = "<group>";
		};
		5609E8941C3018F100B72BCC /* Controller */ = {
			isa = PBXGroup;
			children = (
				5609E8B61C301D1E00B72BCC /* QMQColumnViewController.h */,
				5609E8B71C301D1E00B72BCC /* QMQColumnViewController.m */,
			);
			path = Controller;
			sourceTree = "<group>";
		};
		5609E8951C3018F100B72BCC /* Model */ = {
			isa = PBXGroup;
			children = (
			);
			path = Model;
			sourceTree = "<group>";
		};
		5609E8961C3018F100B72BCC /* View */ = {
			isa = PBXGroup;
			children = (
			);
			path = View;
			sourceTree = "<group>";
		};
		5609E8971C3018F100B72BCC /* HotNews */ = {
			isa = PBXGroup;
			children = (
				5609E8981C3018F100B72BCC /* Controller */,
				5609E8991C3018F100B72BCC /* Model */,
				5620A4441C3D4DB900EDDD27 /* ViewModel */,
				5609E89A1C3018F100B72BCC /* View */,
			);
			path = HotNews;
			sourceTree = "<group>";
		};
		5609E8981C3018F100B72BCC /* Controller */ = {
			isa = PBXGroup;
			children = (
				5609E8A71C30190900B72BCC /* QMQHotNewsViewController.h */,
				5609E8A81C30190900B72BCC /* QMQHotNewsViewController.m */,
			);
			path = Controller;
			sourceTree = "<group>";
		};
		5609E8991C3018F100B72BCC /* Model */ = {
			isa = PBXGroup;
			children = (
				5620A4461C3D73AE00EDDD27 /* QMQHotNewsListModel.h */,
				5620A4471C3D73AE00EDDD27 /* QMQHotNewsListModel.m */,
				5620A4491C3D740400EDDD27 /* QMQHotNewsModel.h */,
				5620A44A1C3D740400EDDD27 /* QMQHotNewsModel.m */,
			);
			path = Model;
			sourceTree = "<group>";
		};
		5609E89A1C3018F100B72BCC /* View */ = {
			isa = PBXGroup;
			children = (
			);
			path = View;
			sourceTree = "<group>";
		};
		5609E89B1C3018F100B72BCC /* LatestNews */ = {
			isa = PBXGroup;
			children = (
				5609E89C1C3018F100B72BCC /* Controller */,
				56942AFD1C7457DE0066188D /* ViewModel */,
				5609E89D1C3018F100B72BCC /* Model */,
				5609E89E1C3018F100B72BCC /* View */,
			);
			path = LatestNews;
			sourceTree = "<group>";
		};
		5609E89C1C3018F100B72BCC /* Controller */ = {
			isa = PBXGroup;
			children = (
				5609E8AA1C301CA100B72BCC /* QMQLatestNewsViewController.h */,
				5609E8AB1C301CA100B72BCC /* QMQLatestNewsViewController.m */,
			);
			path = Controller;
			sourceTree = "<group>";
		};
		5609E89D1C3018F100B72BCC /* Model */ = {
			isa = PBXGroup;
			children = (
				56942B011C746C7F0066188D /* QMQLatestNewsModel.h */,
				56942B021C746C7F0066188D /* QMQLatestNewsModel.m */,
			);
			path = Model;
			sourceTree = "<group>";
		};
		5609E89E1C3018F100B72BCC /* View */ = {
			isa = PBXGroup;
			children = (
				56942B041C7475A70066188D /* QMQLatestNewsTableViewCell.h */,
				56942B051C7475A70066188D /* QMQLatestNewsTableViewCell.m */,
			);
			path = View;
			sourceTree = "<group>";
		};
		5609E8A31C3018F100B72BCC /* Themes */ = {
			isa = PBXGroup;
			children = (
				5609E8A41C3018F100B72BCC /* Controller */,
				5609E8A51C3018F100B72BCC /* Model */,
				5609E8A61C3018F100B72BCC /* View */,
			);
			path = Themes;
			sourceTree = "<group>";
		};
		5609E8A41C3018F100B72BCC /* Controller */ = {
			isa = PBXGroup;
			children = (
				5609E8B01C301CDC00B72BCC /* QMQThemesViewController.h */,
				5609E8B11C301CDC00B72BCC /* QMQThemesViewController.m */,
			);
			path = Controller;
			sourceTree = "<group>";
		};
		5609E8A51C3018F100B72BCC /* Model */ = {
			isa = PBXGroup;
			children = (
			);
			path = Model;
			sourceTree = "<group>";
		};
		5609E8A61C3018F100B72BCC /* View */ = {
			isa = PBXGroup;
			children = (
			);
			path = View;
			sourceTree = "<group>";
		};
		5612A5201C57E591001F5C18 /* UIButtonUtil */ = {
			isa = PBXGroup;
			children = (
				5612A5291C57E641001F5C18 /* UIButtonUtil.h */,
				5612A52A1C57E641001F5C18 /* UIButtonUtil.m */,
			);
			path = UIButtonUtil;
			sourceTree = "<group>";
		};
		5612A5211C57E591001F5C18 /* UIColorUtil */ = {
			isa = PBXGroup;
			children = (
				5612A5221C57E591001F5C18 /* UIColorUtil.h */,
				5612A5231C57E591001F5C18 /* UIColorUtil.m */,
			);
			path = UIColorUtil;
			sourceTree = "<group>";
		};
		5612A5241C57E591001F5C18 /* UIImageUtil */ = {
			isa = PBXGroup;
			children = (
				5612A5251C57E591001F5C18 /* UIImageUtil.h */,
				5612A5261C57E591001F5C18 /* UIImageUtil.m */,
			);
			path = UIImageUtil;
			sourceTree = "<group>";
		};
		5620A4441C3D4DB900EDDD27 /* ViewModel */ = {
			isa = PBXGroup;
			children = (
				5620A44C1C3D7B2400EDDD27 /* QMQHotNewsListViewModel.h */,
				5620A44D1C3D7B2400EDDD27 /* QMQHotNewsListViewModel.m */,
			);
			path = ViewModel;
			sourceTree = "<group>";
		};
		56942AFD1C7457DE0066188D /* ViewModel */ = {
			isa = PBXGroup;
			children = (
				56942AFE1C74583A0066188D /* QMQLatestNewsViewModel.h */,
				56942AFF1C74583A0066188D /* QMQLatestNewsViewModel.m */,
			);
			path = ViewModel;
			sourceTree = "<group>";
		};
		569A5AE51C32CF400092ABA3 /* HistoryNews */ = {
			isa = PBXGroup;
			children = (
				569A5AE61C32CF400092ABA3 /* Controller */,
				569A5AE91C32CF400092ABA3 /* Model */,
				569A5AEA1C32CF400092ABA3 /* View */,
			);
			path = HistoryNews;
			sourceTree = "<group>";
		};
		569A5AE61C32CF400092ABA3 /* Controller */ = {
			isa = PBXGroup;
			children = (
				569A5AE71C32CF400092ABA3 /* QMQHistoryNewsViewController.h */,
				569A5AE81C32CF400092ABA3 /* QMQHistoryNewsViewController.m */,
			);
			path = Controller;
			sourceTree = "<group>";
		};
		569A5AE91C32CF400092ABA3 /* Model */ = {
			isa = PBXGroup;
			children = (
			);
			path = Model;
			sourceTree = "<group>";
		};
		569A5AEA1C32CF400092ABA3 /* View */ = {
			isa = PBXGroup;
			children = (
			);
			path = View;
			sourceTree = "<group>";
		};
		56CFA0141C2F9BC7000779CF = {
			isa = PBXGroup;
			children = (
				56CFA01F1C2F9BC7000779CF /* QMQZhiHuDaily */,
				56CFA0331C2F9BC7000779CF /* QMQZhiHuDailyTests */,
				56CFA03E1C2F9BC7000779CF /* QMQZhiHuDailyUITests */,
				56CFA01E1C2F9BC7000779CF /* Products */,
				E1F53B0BABADFD43686515B6 /* Pods */,
				D4B9DA578CE0827B8E8BC09B /* Frameworks */,
			);
			sourceTree = "<group>";
		};
		56CFA01E1C2F9BC7000779CF /* Products */ = {
			isa = PBXGroup;
			children = (
				56CFA01D1C2F9BC7000779CF /* QMQZhiHuDaily.app */,
				56CFA0301C2F9BC7000779CF /* QMQZhiHuDailyTests.xctest */,
				56CFA03B1C2F9BC7000779CF /* QMQZhiHuDailyUITests.xctest */,
			);
			name = Products;
			sourceTree = "<group>";
		};
		56CFA01F1C2F9BC7000779CF /* QMQZhiHuDaily */ = {
			isa = PBXGroup;
			children = (
				56CFA04D1C2F9C7E000779CF /* Main */,
				56CFA04F1C2F9C7E000779CF /* Vender */,
				56F48C8B1C3DF9E50072822F /* Category */,
				56ED33BB1C57A7440061CA81 /* Macro */,
				56D628721C31B1F1001B77FB /* Utils */,
				56CFA04E1C2F9C7E000779CF /* Resource */,
				56CFA0201C2F9BC7000779CF /* Supporting Files */,
			);
			path = QMQZhiHuDaily;
			sourceTree = "<group>";
		};
		56CFA0201C2F9BC7000779CF /* Supporting Files */ = {
			isa = PBXGroup;
			children = (
				56CFA0231C2F9BC7000779CF /* AppDelegate.h */,
				56CFA0241C2F9BC7000779CF /* AppDelegate.m */,
				56D628711C31AC08001B77FB /* QMQZhiHuDaily-Prefix.pch */,
				56CFA02B1C2F9BC7000779CF /* Info.plist */,
				56CFA0211C2F9BC7000779CF /* main.m */,
				5609E88B1C2FBA0600B72BCC /* ProductAPI.plist */,
			);
			name = "Supporting Files";
			sourceTree = "<group>";
		};
		56CFA0331C2F9BC7000779CF /* QMQZhiHuDailyTests */ = {
			isa = PBXGroup;
			children = (
				56CFA0341C2F9BC7000779CF /* QMQZhiHuDailyTests.m */,
				56CFA0361C2F9BC7000779CF /* Info.plist */,
			);
			path = QMQZhiHuDailyTests;
			sourceTree = "<group>";
		};
		56CFA03E1C2F9BC7000779CF /* QMQZhiHuDailyUITests */ = {
			isa = PBXGroup;
			children = (
				56CFA03F1C2F9BC7000779CF /* QMQZhiHuDailyUITests.m */,
				56CFA0411C2F9BC7000779CF /* Info.plist */,
			);
			path = QMQZhiHuDailyUITests;
			sourceTree = "<group>";
		};
		56CFA04D1C2F9C7E000779CF /* Main */ = {
			isa = PBXGroup;
			children = (
				5609E8971C3018F100B72BCC /* HotNews */,
				5609E89B1C3018F100B72BCC /* LatestNews */,
				5609E8931C3018F100B72BCC /* Column */,
				5609E8A31C3018F100B72BCC /* Themes */,
				569A5AE51C32CF400092ABA3 /* HistoryNews */,
			);
			path = Main;
			sourceTree = "<group>";
		};
		56CFA04E1C2F9C7E000779CF /* Resource */ = {
			isa = PBXGroup;
			children = (
				56D6286E1C31A822001B77FB /* icomoon.ttf */,
				569EAD171C4DDEE3004158C9 /* iconfont.ttf */,
				56F48C931C3E018D0072822F /* Images.xcassets */,
			);
			path = Resource;
			sourceTree = "<group>";
		};
		56CFA04F1C2F9C7E000779CF /* Vender */ = {
			isa = PBXGroup;
			children = (
			);
			path = Vender;
			sourceTree = "<group>";
		};
		56D628721C31B1F1001B77FB /* Utils */ = {
			isa = PBXGroup;
			children = (
				5612A5201C57E591001F5C18 /* UIButtonUtil */,
				5612A5211C57E591001F5C18 /* UIColorUtil */,
				5612A5241C57E591001F5C18 /* UIImageUtil */,
				56ED33B11C57A6A10061CA81 /* Network */,
				56D628731C31B233001B77FB /* Public */,
			);
			path = Utils;
			sourceTree = "<group>";
		};
		56D628731C31B233001B77FB /* Public */ = {
			isa = PBXGroup;
			children = (
				56D628741C31B262001B77FB /* QMQPublicUtil.h */,
				56D628751C31B262001B77FB /* QMQPublicUtil.m */,
				56ED33AE1C579DE90061CA81 /* QMQIconFont.h */,
				56ED33AF1C579DE90061CA81 /* QMQIconFont.m */,
			);
			path = Public;
			sourceTree = "<group>";
		};
		56ED33B11C57A6A10061CA81 /* Network */ = {
			isa = PBXGroup;
			children = (
				56ED33B21C57A6A10061CA81 /* QMQHttpBaseResponse.h */,
				56ED33B31C57A6A10061CA81 /* QMQHttpBaseResponse.m */,
				56ED33B41C57A6A10061CA81 /* QMQHttpBaseService.h */,
				56ED33B51C57A6A10061CA81 /* QMQHttpBaseService.m */,
				56ED33B61C57A6A10061CA81 /* QMQHttpService.h */,
				56ED33B71C57A6A10061CA81 /* QMQHttpService.m */,
			);
			path = Network;
			sourceTree = "<group>";
		};
		56ED33BB1C57A7440061CA81 /* Macro */ = {
			isa = PBXGroup;
			children = (
				56ED33BE1C57A8140061CA81 /* ApiMacro.h */,
				56ED33BF1C57A8310061CA81 /* DimensMacros.h */,
				56ED33C01C57A8460061CA81 /* PathMacros.h */,
				56ED33C11C57A8630061CA81 /* UtilsMacros.h */,
				56ED33C21C57A8780061CA81 /* NotificationMacros.h */,
				56ED33C41C57A8D60061CA81 /* Macros.h */,
			);
			path = Macro;
			sourceTree = "<group>";
		};
		56F1ADF61C74A56900DCA66C /* UIImageView */ = {
			isa = PBXGroup;
			children = (
				56F1ADF71C74A5C000DCA66C /* UIImageView+WebImageFadeInEffect.h */,
				56F1ADF81C74A5C000DCA66C /* UIImageView+WebImageFadeInEffect.m */,
			);
			path = UIImageView;
			sourceTree = "<group>";
		};
		56F48C8B1C3DF9E50072822F /* Category */ = {
			isa = PBXGroup;
			children = (
				56F1ADF61C74A56900DCA66C /* UIImageView */,
				56F48C8C1C3DFA050072822F /* UIView */,
			);
			path = Category;
			sourceTree = "<group>";
		};
		56F48C8C1C3DFA050072822F /* UIView */ = {
			isa = PBXGroup;
			children = (
				56F48C901C3DFB310072822F /* UIView+Layout.h */,
				56F48C911C3DFB310072822F /* UIView+Layout.m */,
			);
			path = UIView;
			sourceTree = "<group>";
		};
		D4B9DA578CE0827B8E8BC09B /* Frameworks */ = {
			isa = PBXGroup;
			children = (
				707F5A0770E0D3E7504914E6 /* libPods.a */,
			);
			name = Frameworks;
			sourceTree = "<group>";
		};
		E1F53B0BABADFD43686515B6 /* Pods */ = {
			isa = PBXGroup;
			children = (
				A4EDD146FE73ACB078CEC730 /* Pods.debug.xcconfig */,
				E86FB02A1691273C4420DCD3 /* Pods.release.xcconfig */,
			);
			name = Pods;
			sourceTree = "<group>";
		};
/* End PBXGroup section */

/* Begin PBXNativeTarget section */
		56CFA01C1C2F9BC7000779CF /* QMQZhiHuDaily */ = {
			isa = PBXNativeTarget;
			buildConfigurationList = 56CFA0441C2F9BC7000779CF /* Build configuration list for PBXNativeTarget "QMQZhiHuDaily" */;
			buildPhases = (
				5E55A88939FA45FCEE3E52FD /* Check Pods Manifest.lock */,
				56CFA0191C2F9BC7000779CF /* Sources */,
				56CFA01A1C2F9BC7000779CF /* Frameworks */,
				56CFA01B1C2F9BC7000779CF /* Resources */,
				8A085364D2D2B868C5A9526E /* Embed Pods Frameworks */,
				E54AC602E8FE7AE4A2652562 /* Copy Pods Resources */,
				566CAB831C3A58A10085D76C /* TODO as warning */,
			);
			buildRules = (
			);
			dependencies = (
			);
			name = QMQZhiHuDaily;
			productName = QMQZhiHuDaily;
			productReference = 56CFA01D1C2F9BC7000779CF /* QMQZhiHuDaily.app */;
			productType = "com.apple.product-type.application";
		};
		56CFA02F1C2F9BC7000779CF /* QMQZhiHuDailyTests */ = {
			isa = PBXNativeTarget;
			buildConfigurationList = 56CFA0471C2F9BC7000779CF /* Build configuration list for PBXNativeTarget "QMQZhiHuDailyTests" */;
			buildPhases = (
				56CFA02C1C2F9BC7000779CF /* Sources */,
				56CFA02D1C2F9BC7000779CF /* Frameworks */,
				56CFA02E1C2F9BC7000779CF /* Resources */,
			);
			buildRules = (
			);
			dependencies = (
				56CFA0321C2F9BC7000779CF /* PBXTargetDependency */,
			);
			name = QMQZhiHuDailyTests;
			productName = QMQZhiHuDailyTests;
			productReference = 56CFA0301C2F9BC7000779CF /* QMQZhiHuDailyTests.xctest */;
			productType = "com.apple.product-type.bundle.unit-test";
		};
		56CFA03A1C2F9BC7000779CF /* QMQZhiHuDailyUITests */ = {
			isa = PBXNativeTarget;
			buildConfigurationList = 56CFA04A1C2F9BC7000779CF /* Build configuration list for PBXNativeTarget "QMQZhiHuDailyUITests" */;
			buildPhases = (
				56CFA0371C2F9BC7000779CF /* Sources */,
				56CFA0381C2F9BC7000779CF /* Frameworks */,
				56CFA0391C2F9BC7000779CF /* Resources */,
			);
			buildRules = (
			);
			dependencies = (
				56CFA03D1C2F9BC7000779CF /* PBXTargetDependency */,
			);
			name = QMQZhiHuDailyUITests;
			productName = QMQZhiHuDailyUITests;
			productReference = 56CFA03B1C2F9BC7000779CF /* QMQZhiHuDailyUITests.xctest */;
			productType = "com.apple.product-type.bundle.ui-testing";
		};
/* End PBXNativeTarget section */

/* Begin PBXProject section */
		56CFA0151C2F9BC7000779CF /* Project object */ = {
			isa = PBXProject;
			attributes = {
				CLASSPREFIX = QMQ;
				LastUpgradeCheck = 0720;
				ORGANIZATIONNAME = Charles.Qiu;
				TargetAttributes = {
					56CFA01C1C2F9BC7000779CF = {
						CreatedOnToolsVersion = 7.2;
						DevelopmentTeam = 2G4Z3FZCF6;
					};
					56CFA02F1C2F9BC7000779CF = {
						CreatedOnToolsVersion = 7.2;
						TestTargetID = 56CFA01C1C2F9BC7000779CF;
					};
					56CFA03A1C2F9BC7000779CF = {
						CreatedOnToolsVersion = 7.2;
						TestTargetID = 56CFA01C1C2F9BC7000779CF;
					};
				};
			};
			buildConfigurationList = 56CFA0181C2F9BC7000779CF /* Build configuration list for PBXProject "QMQZhiHuDaily" */;
			compatibilityVersion = "Xcode 3.2";
			developmentRegion = English;
			hasScannedForEncodings = 0;
			knownRegions = (
				en,
				Base,
			);
			mainGroup = 56CFA0141C2F9BC7000779CF;
			productRefGroup = 56CFA01E1C2F9BC7000779CF /* Products */;
			projectDirPath = "";
			projectRoot = "";
			targets = (
				56CFA01C1C2F9BC7000779CF /* QMQZhiHuDaily */,
				56CFA02F1C2F9BC7000779CF /* QMQZhiHuDailyTests */,
				56CFA03A1C2F9BC7000779CF /* QMQZhiHuDailyUITests */,
			);
		};
/* End PBXProject section */

/* Begin PBXResourcesBuildPhase section */
		56CFA01B1C2F9BC7000779CF /* Resources */ = {
			isa = PBXResourcesBuildPhase;
			buildActionMask = 2147483647;
			files = (
				569EAD181C4DDEE3004158C9 /* iconfont.ttf in Resources */,
				56D6286F1C31A890001B77FB /* icomoon.ttf in Resources */,
				56F48C941C3E018D0072822F /* Images.xcassets in Resources */,
				5609E88C1C2FBA0600B72BCC /* ProductAPI.plist in Resources */,
			);
			runOnlyForDeploymentPostprocessing = 0;
		};
		56CFA02E1C2F9BC7000779CF /* Resources */ = {
			isa = PBXResourcesBuildPhase;
			buildActionMask = 2147483647;
			files = (
			);
			runOnlyForDeploymentPostprocessing = 0;
		};
		56CFA0391C2F9BC7000779CF /* Resources */ = {
			isa = PBXResourcesBuildPhase;
			buildActionMask = 2147483647;
			files = (
			);
			runOnlyForDeploymentPostprocessing = 0;
		};
/* End PBXResourcesBuildPhase section */

/* Begin PBXShellScriptBuildPhase section */
		566CAB831C3A58A10085D76C /* TODO as warning */ = {
			isa = PBXShellScriptBuildPhase;
			buildActionMask = 2147483647;
			files = (
			);
			inputPaths = (
			);
			name = "TODO as warning";
			outputPaths = (
			);
			runOnlyForDeploymentPostprocessing = 0;
			shellPath = /bin/sh;
			shellScript = "KEYWORDS=\"TODO:\"\nfind \"${SRCROOT}\" \\( -name \"*.h\" -or -name \"*.m\" \\) -print0 | xargs -0 egrep --with-filename --line-number --only-matching \"($KEYWORDS).*\\$\" | perl -p -e \"s/($KEYWORDS)/ warning: \\$1/\"";
		};
		5E55A88939FA45FCEE3E52FD /* Check Pods Manifest.lock */ = {
			isa = PBXShellScriptBuildPhase;
			buildActionMask = 2147483647;
			files = (
			);
			inputPaths = (
			);
			name = "Check Pods Manifest.lock";
			outputPaths = (
			);
			runOnlyForDeploymentPostprocessing = 0;
			shellPath = /bin/sh;
			shellScript = "diff \"${PODS_ROOT}/../Podfile.lock\" \"${PODS_ROOT}/Manifest.lock\" > /dev/null\nif [[ $? != 0 ]] ; then\n    cat << EOM\nerror: The sandbox is not in sync with the Podfile.lock. Run 'pod install' or update your CocoaPods installation.\nEOM\n    exit 1\nfi\n";
			showEnvVarsInLog = 0;
		};
		8A085364D2D2B868C5A9526E /* Embed Pods Frameworks */ = {
			isa = PBXShellScriptBuildPhase;
			buildActionMask = 2147483647;
			files = (
			);
			inputPaths = (
			);
			name = "Embed Pods Frameworks";
			outputPaths = (
			);
			runOnlyForDeploymentPostprocessing = 0;
			shellPath = /bin/sh;
			shellScript = "\"${SRCROOT}/Pods/Target Support Files/Pods/Pods-frameworks.sh\"\n";
			showEnvVarsInLog = 0;
		};
		E54AC602E8FE7AE4A2652562 /* Copy Pods Resources */ = {
			isa = PBXShellScriptBuildPhase;
			buildActionMask = 2147483647;
			files = (
			);
			inputPaths = (
			);
			name = "Copy Pods Resources";
			outputPaths = (
			);
			runOnlyForDeploymentPostprocessing = 0;
			shellPath = /bin/sh;
			shellScript = "\"${SRCROOT}/Pods/Target Support Files/Pods/Pods-resources.sh\"\n";
			showEnvVarsInLog = 0;
		};
/* End PBXShellScriptBuildPhase section */

/* Begin PBXSourcesBuildPhase section */
		56CFA0191C2F9BC7000779CF /* Sources */ = {
			isa = PBXSourcesBuildPhase;
			buildActionMask = 2147483647;
			files = (
				5609E8B81C301D1E00B72BCC /* QMQColumnViewController.m in Sources */,
				569A5AEB1C32CF400092ABA3 /* QMQHistoryNewsViewController.m in Sources */,
				56ED33BA1C57A6A10061CA81 /* QMQHttpService.m in Sources */,
				5612A5271C57E591001F5C18 /* UIColorUtil.m in Sources */,
				56942B001C74583A0066188D /* QMQLatestNewsViewModel.m in Sources */,
				56ED33B01C579DE90061CA81 /* QMQIconFont.m in Sources */,
				5612A5281C57E591001F5C18 /* UIImageUtil.m in Sources */,
				5620A44E1C3D7B2400EDDD27 /* QMQHotNewsListViewModel.m in Sources */,
				5612A52B1C57E641001F5C18 /* UIButtonUtil.m in Sources */,
				56F1ADF91C74A5C000DCA66C /* UIImageView+WebImageFadeInEffect.m in Sources */,
				56942B031C746C7F0066188D /* QMQLatestNewsModel.m in Sources */,
				5609E8AC1C301CA100B72BCC /* QMQLatestNewsViewController.m in Sources */,
				5620A4481C3D73AE00EDDD27 /* QMQHotNewsListModel.m in Sources */,
				5620A44B1C3D740400EDDD27 /* QMQHotNewsModel.m in Sources */,
				56942B061C7475A70066188D /* QMQLatestNewsTableViewCell.m in Sources */,
				56D628761C31B262001B77FB /* QMQPublicUtil.m in Sources */,
				5609E8B21C301CDC00B72BCC /* QMQThemesViewController.m in Sources */,
				56ED33B91C57A6A10061CA81 /* QMQHttpBaseService.m in Sources */,
				56F48C921C3DFB310072822F /* UIView+Layout.m in Sources */,
				56CFA0251C2F9BC7000779CF /* AppDelegate.m in Sources */,
				56CFA0221C2F9BC7000779CF /* main.m in Sources */,
				56ED33B81C57A6A10061CA81 /* QMQHttpBaseResponse.m in Sources */,
				5609E8A91C30190900B72BCC /* QMQHotNewsViewController.m in Sources */,
			);
			runOnlyForDeploymentPostprocessing = 0;
		};
		56CFA02C1C2F9BC7000779CF /* Sources */ = {
			isa = PBXSourcesBuildPhase;
			buildActionMask = 2147483647;
			files = (
				56CFA0351C2F9BC7000779CF /* QMQZhiHuDailyTests.m in Sources */,
			);
			runOnlyForDeploymentPostprocessing = 0;
		};
		56CFA0371C2F9BC7000779CF /* Sources */ = {
			isa = PBXSourcesBuildPhase;
			buildActionMask = 2147483647;
			files = (
				56CFA0401C2F9BC7000779CF /* QMQZhiHuDailyUITests.m in Sources */,
			);
			runOnlyForDeploymentPostprocessing = 0;
		};
/* End PBXSourcesBuildPhase section */

/* Begin PBXTargetDependency section */
		56CFA0321C2F9BC7000779CF /* PBXTargetDependency */ = {
			isa = PBXTargetDependency;
			target = 56CFA01C1C2F9BC7000779CF /* QMQZhiHuDaily */;
			targetProxy = 56CFA0311C2F9BC7000779CF /* PBXContainerItemProxy */;
		};
		56CFA03D1C2F9BC7000779CF /* PBXTargetDependency */ = {
			isa = PBXTargetDependency;
			target = 56CFA01C1C2F9BC7000779CF /* QMQZhiHuDaily */;
			targetProxy = 56CFA03C1C2F9BC7000779CF /* PBXContainerItemProxy */;
		};
/* End PBXTargetDependency section */

/* Begin XCBuildConfiguration section */
		56CFA0421C2F9BC7000779CF /* Debug */ = {
			isa = XCBuildConfiguration;
			buildSettings = {
				ALWAYS_SEARCH_USER_PATHS = NO;
				CLANG_CXX_LANGUAGE_STANDARD = "gnu++0x";
				CLANG_CXX_LIBRARY = "libc++";
				CLANG_ENABLE_MODULES = YES;
				CLANG_ENABLE_OBJC_ARC = YES;
				CLANG_WARN_BOOL_CONVERSION = YES;
				CLANG_WARN_CONSTANT_CONVERSION = YES;
				CLANG_WARN_DIRECT_OBJC_ISA_USAGE = YES_ERROR;
				CLANG_WARN_EMPTY_BODY = YES;
				CLANG_WARN_ENUM_CONVERSION = YES;
				CLANG_WARN_INT_CONVERSION = YES;
				CLANG_WARN_OBJC_ROOT_CLASS = YES_ERROR;
				CLANG_WARN_UNREACHABLE_CODE = YES;
				CLANG_WARN__DUPLICATE_METHOD_MATCH = YES;
				"CODE_SIGN_IDENTITY[sdk=iphoneos*]" = "iPhone Developer";
				COPY_PHASE_STRIP = NO;
				DEBUG_INFORMATION_FORMAT = dwarf;
				ENABLE_STRICT_OBJC_MSGSEND = YES;
				ENABLE_TESTABILITY = YES;
				GCC_C_LANGUAGE_STANDARD = gnu99;
				GCC_DYNAMIC_NO_PIC = NO;
				GCC_NO_COMMON_BLOCKS = YES;
				GCC_OPTIMIZATION_LEVEL = 0;
				GCC_PREPROCESSOR_DEFINITIONS = (
					"DEBUG=1",
					"$(inherited)",
				);
				GCC_WARN_64_TO_32_BIT_CONVERSION = YES;
				GCC_WARN_ABOUT_RETURN_TYPE = YES_ERROR;
				GCC_WARN_UNDECLARED_SELECTOR = YES;
				GCC_WARN_UNINITIALIZED_AUTOS = YES_AGGRESSIVE;
				GCC_WARN_UNUSED_FUNCTION = YES;
				GCC_WARN_UNUSED_VARIABLE = YES;
				IPHONEOS_DEPLOYMENT_TARGET = 8.0;
				MTL_ENABLE_DEBUG_INFO = YES;
				ONLY_ACTIVE_ARCH = YES;
				SDKROOT = iphoneos;
			};
			name = Debug;
		};
		56CFA0431C2F9BC7000779CF /* Release */ = {
			isa = XCBuildConfiguration;
			buildSettings = {
				ALWAYS_SEARCH_USER_PATHS = NO;
				CLANG_CXX_LANGUAGE_STANDARD = "gnu++0x";
				CLANG_CXX_LIBRARY = "libc++";
				CLANG_ENABLE_MODULES = YES;
				CLANG_ENABLE_OBJC_ARC = YES;
				CLANG_WARN_BOOL_CONVERSION = YES;
				CLANG_WARN_CONSTANT_CONVERSION = YES;
				CLANG_WARN_DIRECT_OBJC_ISA_USAGE = YES_ERROR;
				CLANG_WARN_EMPTY_BODY = YES;
				CLANG_WARN_ENUM_CONVERSION = YES;
				CLANG_WARN_INT_CONVERSION = YES;
				CLANG_WARN_OBJC_ROOT_CLASS = YES_ERROR;
				CLANG_WARN_UNREACHABLE_CODE = YES;
				CLANG_WARN__DUPLICATE_METHOD_MATCH = YES;
				"CODE_SIGN_IDENTITY[sdk=iphoneos*]" = "iPhone Developer";
				COPY_PHASE_STRIP = NO;
				DEBUG_INFORMATION_FORMAT = "dwarf-with-dsym";
				ENABLE_NS_ASSERTIONS = NO;
				ENABLE_STRICT_OBJC_MSGSEND = YES;
				GCC_C_LANGUAGE_STANDARD = gnu99;
				GCC_NO_COMMON_BLOCKS = YES;
				GCC_WARN_64_TO_32_BIT_CONVERSION = YES;
				GCC_WARN_ABOUT_RETURN_TYPE = YES_ERROR;
				GCC_WARN_UNDECLARED_SELECTOR = YES;
				GCC_WARN_UNINITIALIZED_AUTOS = YES_AGGRESSIVE;
				GCC_WARN_UNUSED_FUNCTION = YES;
				GCC_WARN_UNUSED_VARIABLE = YES;
				IPHONEOS_DEPLOYMENT_TARGET = 8.0;
				MTL_ENABLE_DEBUG_INFO = NO;
				SDKROOT = iphoneos;
				VALIDATE_PRODUCT = YES;
			};
			name = Release;
		};
		56CFA0451C2F9BC7000779CF /* Debug */ = {
			isa = XCBuildConfiguration;
			baseConfigurationReference = A4EDD146FE73ACB078CEC730 /* Pods.debug.xcconfig */;
			buildSettings = {
				ASSETCATALOG_COMPILER_APPICON_NAME = AppIcon;
				ASSETCATALOG_COMPILER_LAUNCHIMAGE_NAME = LaunchImage;
				CODE_SIGN_IDENTITY = "iPhone Developer";
				"CODE_SIGN_IDENTITY[sdk=iphoneos*]" = "iPhone Developer";
				CONFIGURATION_TEMP_DIR = "$(PROJECT_TEMP_DIR)/$(CONFIGURATION)$(EFFECTIVE_PLATFORM_NAME)";
				FRAMEWORK_SEARCH_PATHS = "$(inherited)";
				GCC_PREFIX_HEADER = "$SRCROOT/$PROJECT_NAME/QMQZhiHuDaily-Prefix.pch";
				INFOPLIST_FILE = QMQZhiHuDaily/Info.plist;
				IPHONEOS_DEPLOYMENT_TARGET = 8.0;
				LD_RUNPATH_SEARCH_PATHS = "$(inherited) @executable_path/Frameworks";
				LIBRARY_SEARCH_PATHS = "$(inherited)";
				PRODUCT_BUNDLE_IDENTIFIER = com.charles.qmqzhihudaily;
				PRODUCT_NAME = "$(TARGET_NAME)";
				PROVISIONING_PROFILE = "";
			};
			name = Debug;
		};
		56CFA0461C2F9BC7000779CF /* Release */ = {
			isa = XCBuildConfiguration;
			baseConfigurationReference = E86FB02A1691273C4420DCD3 /* Pods.release.xcconfig */;
			buildSettings = {
				ASSETCATALOG_COMPILER_APPICON_NAME = AppIcon;
				ASSETCATALOG_COMPILER_LAUNCHIMAGE_NAME = LaunchImage;
				CODE_SIGN_IDENTITY = "iPhone Developer";
				"CODE_SIGN_IDENTITY[sdk=iphoneos*]" = "iPhone Developer";
				CONFIGURATION_TEMP_DIR = "$(PROJECT_TEMP_DIR)/$(CONFIGURATION)$(EFFECTIVE_PLATFORM_NAME)";
				FRAMEWORK_SEARCH_PATHS = "$(inherited)";
				GCC_PREFIX_HEADER = "$SRCROOT/$PROJECT_NAME/QMQZhiHuDaily-Prefix.pch";
				INFOPLIST_FILE = QMQZhiHuDaily/Info.plist;
				IPHONEOS_DEPLOYMENT_TARGET = 8.0;
				LD_RUNPATH_SEARCH_PATHS = "$(inherited) @executable_path/Frameworks";
				LIBRARY_SEARCH_PATHS = "$(inherited)";
				PRODUCT_BUNDLE_IDENTIFIER = com.charles.qmqzhihudaily;
				PRODUCT_NAME = "$(TARGET_NAME)";
				PROVISIONING_PROFILE = "";
			};
			name = Release;
		};
		56CFA0481C2F9BC7000779CF /* Debug */ = {
			isa = XCBuildConfiguration;
			buildSettings = {
				BUNDLE_LOADER = "$(TEST_HOST)";
				INFOPLIST_FILE = QMQZhiHuDailyTests/Info.plist;
				LD_RUNPATH_SEARCH_PATHS = "$(inherited) @executable_path/Frameworks @loader_path/Frameworks";
				PRODUCT_BUNDLE_IDENTIFIER = CQ.QMQZhiHuDailyTests;
				PRODUCT_NAME = "$(TARGET_NAME)";
				TEST_HOST = "$(BUILT_PRODUCTS_DIR)/QMQZhiHuDaily.app/QMQZhiHuDaily";
			};
			name = Debug;
		};
		56CFA0491C2F9BC7000779CF /* Release */ = {
			isa = XCBuildConfiguration;
			buildSettings = {
				BUNDLE_LOADER = "$(TEST_HOST)";
				INFOPLIST_FILE = QMQZhiHuDailyTests/Info.plist;
				LD_RUNPATH_SEARCH_PATHS = "$(inherited) @executable_path/Frameworks @loader_path/Frameworks";
				PRODUCT_BUNDLE_IDENTIFIER = CQ.QMQZhiHuDailyTests;
				PRODUCT_NAME = "$(TARGET_NAME)";
				TEST_HOST = "$(BUILT_PRODUCTS_DIR)/QMQZhiHuDaily.app/QMQZhiHuDaily";
			};
			name = Release;
		};
		56CFA04B1C2F9BC7000779CF /* Debug */ = {
			isa = XCBuildConfiguration;
			buildSettings = {
				INFOPLIST_FILE = QMQZhiHuDailyUITests/Info.plist;
				LD_RUNPATH_SEARCH_PATHS = "$(inherited) @executable_path/Frameworks @loader_path/Frameworks";
				PRODUCT_BUNDLE_IDENTIFIER = CQ.QMQZhiHuDailyUITests;
				PRODUCT_NAME = "$(TARGET_NAME)";
				TEST_TARGET_NAME = QMQZhiHuDaily;
				USES_XCTRUNNER = YES;
			};
			name = Debug;
		};
		56CFA04C1C2F9BC7000779CF /* Release */ = {
			isa = XCBuildConfiguration;
			buildSettings = {
				INFOPLIST_FILE = QMQZhiHuDailyUITests/Info.plist;
				LD_RUNPATH_SEARCH_PATHS = "$(inherited) @executable_path/Frameworks @loader_path/Frameworks";
				PRODUCT_BUNDLE_IDENTIFIER = CQ.QMQZhiHuDailyUITests;
				PRODUCT_NAME = "$(TARGET_NAME)";
				TEST_TARGET_NAME = QMQZhiHuDaily;
				USES_XCTRUNNER = YES;
			};
			name = Release;
		};
/* End XCBuildConfiguration section */

/* Begin XCConfigurationList section */
		56CFA0181C2F9BC7000779CF /* Build configuration list for PBXProject "QMQZhiHuDaily" */ = {
			isa = XCConfigurationList;
			buildConfigurations = (
				56CFA0421C2F9BC7000779CF /* Debug */,
				56CFA0431C2F9BC7000779CF /* Release */,
			);
			defaultConfigurationIsVisible = 0;
			defaultConfigurationName = Release;
		};
		56CFA0441C2F9BC7000779CF /* Build configuration list for PBXNativeTarget "QMQZhiHuDaily" */ = {
			isa = XCConfigurationList;
			buildConfigurations = (
				56CFA0451C2F9BC7000779CF /* Debug */,
				56CFA0461C2F9BC7000779CF /* Release */,
			);
			defaultConfigurationIsVisible = 0;
			defaultConfigurationName = Release;
		};
		56CFA0471C2F9BC7000779CF /* Build configuration list for PBXNativeTarget "QMQZhiHuDailyTests" */ = {
			isa = XCConfigurationList;
			buildConfigurations = (
				56CFA0481C2F9BC7000779CF /* Debug */,
				56CFA0491C2F9BC7000779CF /* Release */,
			);
			defaultConfigurationIsVisible = 0;
			defaultConfigurationName = Release;
		};
		56CFA04A1C2F9BC7000779CF /* Build configuration list for PBXNativeTarget "QMQZhiHuDailyUITests" */ = {
			isa = XCConfigurationList;
			buildConfigurations = (
				56CFA04B1C2F9BC7000779CF /* Debug */,
				56CFA04C1C2F9BC7000779CF /* Release */,
			);
			defaultConfigurationIsVisible = 0;
			defaultConfigurationName = Release;
		};
/* End XCConfigurationList section */
	};
	rootObject = 56CFA0151C2F9BC7000779CF /* Project object */;
}
