// !$*UTF8*$!
{
	archiveVersion = 1;
	classes = {
	};
	objectVersion = 46;
	objects = {

/* Begin PBXBuildFile section */
		56019DC71C913B4300BA8B5D /* QMQColumnListModel.m in Sources */ = {isa = PBXBuildFile; fileRef = 56019DC61C913B4300BA8B5D /* QMQColumnListModel.m */; };
		56019DCA1C9152AF00BA8B5D /* QMQThemeListModel.m in Sources */ = {isa = PBXBuildFile; fileRef = 56019DC91C9152AF00BA8B5D /* QMQThemeListModel.m */; };
		56019DCD1C91572400BA8B5D /* QMQHistoryNewsListModel.m in Sources */ = {isa = PBXBuildFile; fileRef = 56019DCC1C91572400BA8B5D /* QMQHistoryNewsListModel.m */; };
		56019DD21C932FB800BA8B5D /* UIColor+Extensions.m in Sources */ = {isa = PBXBuildFile; fileRef = 56019DD11C932FB800BA8B5D /* UIColor+Extensions.m */; };
		5609E88C1C2FBA0600B72BCC /* ProductAPI.plist in Resources */ = {isa = PBXBuildFile; fileRef = 5609E88B1C2FBA0600B72BCC /* ProductAPI.plist */; };
		5609E8A91C30190900B72BCC /* QMQHotNewsViewController.m in Sources */ = {isa = PBXBuildFile; fileRef = 5609E8A81C30190900B72BCC /* QMQHotNewsViewController.m */; };
		5609E8AC1C301CA100B72BCC /* QMQLatestNewsViewController.m in Sources */ = {isa = PBXBuildFile; fileRef = 5609E8AB1C301CA100B72BCC /* QMQLatestNewsViewController.m */; };
		5609E8B81C301D1E00B72BCC /* QMQColumnViewController.m in Sources */ = {isa = PBXBuildFile; fileRef = 5609E8B71C301D1E00B72BCC /* QMQColumnViewController.m */; };
		560E37041CC203700049D2AD /* QMQDotNetAPIClient.m in Sources */ = {isa = PBXBuildFile; fileRef = 560E37031CC203700049D2AD /* QMQDotNetAPIClient.m */; };
		5612A5281C57E591001F5C18 /* UIImageUtil.m in Sources */ = {isa = PBXBuildFile; fileRef = 5612A5261C57E591001F5C18 /* UIImageUtil.m */; };
		5620A4481C3D73AE00EDDD27 /* QMQHotNewsListModel.m in Sources */ = {isa = PBXBuildFile; fileRef = 5620A4471C3D73AE00EDDD27 /* QMQHotNewsListModel.m */; };
		5620A44B1C3D740400EDDD27 /* QMQHotNewsModel.m in Sources */ = {isa = PBXBuildFile; fileRef = 5620A44A1C3D740400EDDD27 /* QMQHotNewsModel.m */; };
		5620A44E1C3D7B2400EDDD27 /* QMQHotNewsListViewModel.m in Sources */ = {isa = PBXBuildFile; fileRef = 5620A44D1C3D7B2400EDDD27 /* QMQHotNewsListViewModel.m */; };
		565259F11CAE3FAE00CE56E5 /* QMQCommonDetailNewsViewController.m in Sources */ = {isa = PBXBuildFile; fileRef = 565259F01CAE3FAE00CE56E5 /* QMQCommonDetailNewsViewController.m */; };
		567B12D11CBB7DCD001F695E /* iconfont.ttf in Resources */ = {isa = PBXBuildFile; fileRef = 567B12D01CBB7DCD001F695E /* iconfont.ttf */; };
		567B12D61CBC869A001F695E /* QMQLoginManager.m in Sources */ = {isa = PBXBuildFile; fileRef = 567B12D51CBC869A001F695E /* QMQLoginManager.m */; };
		567B12D91CBC8A80001F695E /* QMQAccountInfo.m in Sources */ = {isa = PBXBuildFile; fileRef = 567B12D81CBC8A80001F695E /* QMQAccountInfo.m */; };
		567B12DF1CBC9906001F695E /* QMQUserCenterViewController.m in Sources */ = {isa = PBXBuildFile; fileRef = 567B12DE1CBC9906001F695E /* QMQUserCenterViewController.m */; };
		568B92581CB89EDE008374F5 /* NSString+Extend.m in Sources */ = {isa = PBXBuildFile; fileRef = 568B92571CB89EDE008374F5 /* NSString+Extend.m */; };
		56942B001C74583A0066188D /* QMQLatestNewsViewModel.m in Sources */ = {isa = PBXBuildFile; fileRef = 56942AFF1C74583A0066188D /* QMQLatestNewsViewModel.m */; };
		56942B031C746C7F0066188D /* QMQLatestNewsModel.m in Sources */ = {isa = PBXBuildFile; fileRef = 56942B021C746C7F0066188D /* QMQLatestNewsModel.m */; };
		56942B061C7475A70066188D /* QMQLatestNewsTableViewCell.m in Sources */ = {isa = PBXBuildFile; fileRef = 56942B051C7475A70066188D /* QMQLatestNewsTableViewCell.m */; };
		569A5AEB1C32CF400092ABA3 /* QMQHistoryNewsViewController.m in Sources */ = {isa = PBXBuildFile; fileRef = 569A5AE81C32CF400092ABA3 /* QMQHistoryNewsViewController.m */; };
		56A8F68B1C9350D3007D34FE /* UIViewController+Swizzling.m in Sources */ = {isa = PBXBuildFile; fileRef = 56A8F68A1C9350D3007D34FE /* UIViewController+Swizzling.m */; };
		56A8F68E1C947293007D34FE /* QMQLatestNewsDetailViewModel.m in Sources */ = {isa = PBXBuildFile; fileRef = 56A8F68D1C947293007D34FE /* QMQLatestNewsDetailViewModel.m */; };
		56C841DF1CBA25D2002CF776 /* QMQThemeListViewController.m in Sources */ = {isa = PBXBuildFile; fileRef = 56C841DE1CBA25D2002CF776 /* QMQThemeListViewController.m */; };
		56C841E21CBA2620002CF776 /* QMQColumnListViewController.m in Sources */ = {isa = PBXBuildFile; fileRef = 56C841E11CBA2620002CF776 /* QMQColumnListViewController.m */; };
		56C841E51CBA28FB002CF776 /* QMQColumnListViewModel.m in Sources */ = {isa = PBXBuildFile; fileRef = 56C841E41CBA28FB002CF776 /* QMQColumnListViewModel.m */; };
		56C841EF1CBA32F3002CF776 /* QMQCommonTableViewCell.m in Sources */ = {isa = PBXBuildFile; fileRef = 56C841EE1CBA32F3002CF776 /* QMQCommonTableViewCell.m */; };
		56C841F31CBA37D1002CF776 /* QMQCommonModel.m in Sources */ = {isa = PBXBuildFile; fileRef = 56C841F21CBA37D1002CF776 /* QMQCommonModel.m */; };
		56C841F61CBA3C56002CF776 /* QMQCommonListModel.m in Sources */ = {isa = PBXBuildFile; fileRef = 56C841F51CBA3C56002CF776 /* QMQCommonListModel.m */; };
		56C841F91CBA446E002CF776 /* QMQCommonCellModel.m in Sources */ = {isa = PBXBuildFile; fileRef = 56C841F81CBA446E002CF776 /* QMQCommonCellModel.m */; };
		56C841FC1CBA8CBD002CF776 /* QMQThemeListViewModel.m in Sources */ = {isa = PBXBuildFile; fileRef = 56C841FB1CBA8CBD002CF776 /* QMQThemeListViewModel.m */; };
		56CDFB531CBB4A8F0068658D /* QMQLoginViewController.m in Sources */ = {isa = PBXBuildFile; fileRef = 56CDFB521CBB4A8F0068658D /* QMQLoginViewController.m */; };
		56CFA0221C2F9BC7000779CF /* main.m in Sources */ = {isa = PBXBuildFile; fileRef = 56CFA0211C2F9BC7000779CF /* main.m */; };
		56CFA0251C2F9BC7000779CF /* AppDelegate.m in Sources */ = {isa = PBXBuildFile; fileRef = 56CFA0241C2F9BC7000779CF /* AppDelegate.m */; };
		56CFA0351C2F9BC7000779CF /* QMQZhiHuDailyTests.m in Sources */ = {isa = PBXBuildFile; fileRef = 56CFA0341C2F9BC7000779CF /* QMQZhiHuDailyTests.m */; };
		56CFA0401C2F9BC7000779CF /* QMQZhiHuDailyUITests.m in Sources */ = {isa = PBXBuildFile; fileRef = 56CFA03F1C2F9BC7000779CF /* QMQZhiHuDailyUITests.m */; };
		56D5296E1C84263F00B3964B /* QMQHistoryNewsModel.m in Sources */ = {isa = PBXBuildFile; fileRef = 56D5296D1C84263F00B3964B /* QMQHistoryNewsModel.m */; };
		56E70D031C84745D002B6856 /* QMQColumnViewModel.m in Sources */ = {isa = PBXBuildFile; fileRef = 56E70D021C84745D002B6856 /* QMQColumnViewModel.m */; };
		56E70D061C847486002B6856 /* QMQColumnTableViewCell.m in Sources */ = {isa = PBXBuildFile; fileRef = 56E70D051C847486002B6856 /* QMQColumnTableViewCell.m */; };
		56E70D0C1C8474DA002B6856 /* QMQHistoryNewsTableViewCell.m in Sources */ = {isa = PBXBuildFile; fileRef = 56E70D0B1C8474DA002B6856 /* QMQHistoryNewsTableViewCell.m */; };
		56E70D0F1C847503002B6856 /* QMQHistoryNewsViewModel.m in Sources */ = {isa = PBXBuildFile; fileRef = 56E70D0E1C847503002B6856 /* QMQHistoryNewsViewModel.m */; };
		56E70D201C8475CF002B6856 /* QMQThemeViewController.m in Sources */ = {isa = PBXBuildFile; fileRef = 56E70D161C8475CF002B6856 /* QMQThemeViewController.m */; };
		56E70D211C8475CF002B6856 /* QMQThemeModel.m in Sources */ = {isa = PBXBuildFile; fileRef = 56E70D191C8475CF002B6856 /* QMQThemeModel.m */; };
		56E70D221C8475CF002B6856 /* QMQThemeTableViewCell.m in Sources */ = {isa = PBXBuildFile; fileRef = 56E70D1C1C8475CF002B6856 /* QMQThemeTableViewCell.m */; };
		56E70D231C8475CF002B6856 /* QMQThemeViewModel.m in Sources */ = {isa = PBXBuildFile; fileRef = 56E70D1F1C8475CF002B6856 /* QMQThemeViewModel.m */; };
		56ED33B81C57A6A10061CA81 /* QMQHttpBaseResponse.m in Sources */ = {isa = PBXBuildFile; fileRef = 56ED33B31C57A6A10061CA81 /* QMQHttpBaseResponse.m */; };
		56ED33B91C57A6A10061CA81 /* QMQHttpBaseService.m in Sources */ = {isa = PBXBuildFile; fileRef = 56ED33B51C57A6A10061CA81 /* QMQHttpBaseService.m */; };
		56ED33BA1C57A6A10061CA81 /* QMQHttpService.m in Sources */ = {isa = PBXBuildFile; fileRef = 56ED33B71C57A6A10061CA81 /* QMQHttpService.m */; };
		56F1ADF91C74A5C000DCA66C /* UIImageView+WebImageFadeInEffect.m in Sources */ = {isa = PBXBuildFile; fileRef = 56F1ADF81C74A5C000DCA66C /* UIImageView+WebImageFadeInEffect.m */; };
		56F2DB5C1C81DA1400D0D15F /* QMQRacHttpService.m in Sources */ = {isa = PBXBuildFile; fileRef = 56F2DB5B1C81DA1400D0D15F /* QMQRacHttpService.m */; };
		56F2DB601C829D1900D0D15F /* QMQIconFont.m in Sources */ = {isa = PBXBuildFile; fileRef = 56F2DB5F1C829D1900D0D15F /* QMQIconFont.m */; };
		56F2DB641C829D5F00D0D15F /* QMQRacBaseViewModel.m in Sources */ = {isa = PBXBuildFile; fileRef = 56F2DB631C829D5F00D0D15F /* QMQRacBaseViewModel.m */; };
		56F2DB671C832F1700D0D15F /* QMQHotNewsTableViewCell.m in Sources */ = {isa = PBXBuildFile; fileRef = 56F2DB661C832F1700D0D15F /* QMQHotNewsTableViewCell.m */; };
		56F2DB6D1C834B6C00D0D15F /* QMQColumnModel.m in Sources */ = {isa = PBXBuildFile; fileRef = 56F2DB6C1C834B6C00D0D15F /* QMQColumnModel.m */; };
		56F48C921C3DFB310072822F /* UIView+Layout.m in Sources */ = {isa = PBXBuildFile; fileRef = 56F48C911C3DFB310072822F /* UIView+Layout.m */; };
		56F48C941C3E018D0072822F /* Images.xcassets in Resources */ = {isa = PBXBuildFile; fileRef = 56F48C931C3E018D0072822F /* Images.xcassets */; };
		56F5184E1CC34C0000C501FF /* QMQNSStringExtendTests.m in Sources */ = {isa = PBXBuildFile; fileRef = 56F5184D1CC34C0000C501FF /* QMQNSStringExtendTests.m */; };
		56FF56441C7F668400D53AA6 /* QMQLatestNewsDetailModel.m in Sources */ = {isa = PBXBuildFile; fileRef = 56FF56431C7F668400D53AA6 /* QMQLatestNewsDetailModel.m */; };
		ED19098C4D4BEE156FE57F81 /* libPods.a in Frameworks */ = {isa = PBXBuildFile; fileRef = 2EEBC261ED597358B57E4EAC /* libPods.a */; };
/* End PBXBuildFile section */

/* Begin PBXContainerItemProxy section */
		56CFA0311C2F9BC7000779CF /* PBXContainerItemProxy */ = {
			isa = PBXContainerItemProxy;
			containerPortal = 56CFA0151C2F9BC7000779CF /* Project object */;
			proxyType = 1;
			remoteGlobalIDString = 56CFA01C1C2F9BC7000779CF;
			remoteInfo = QMQZhiHuDaily;
		};
		56CFA03C1C2F9BC7000779CF /* PBXContainerItemProxy */ = {
			isa = PBXContainerItemProxy;
			containerPortal = 56CFA0151C2F9BC7000779CF /* Project object */;
			proxyType = 1;
			remoteGlobalIDString = 56CFA01C1C2F9BC7000779CF;
			remoteInfo = QMQZhiHuDaily;
		};
/* End PBXContainerItemProxy section */

/* Begin PBXCopyFilesBuildPhase section */
		564F9ACC1C75703E0041CD07 /* Embed Frameworks */ = {
			isa = PBXCopyFilesBuildPhase;
			buildActionMask = 2147483647;
			dstPath = "";
			dstSubfolderSpec = 10;
			files = (
			);
			name = "Embed Frameworks";
			runOnlyForDeploymentPostprocessing = 0;
		};
/* End PBXCopyFilesBuildPhase section */

/* Begin PBXFileReference section */
		2EEBC261ED597358B57E4EAC /* libPods.a */ = {isa = PBXFileReference; explicitFileType = archive.ar; includeInIndex = 0; path = libPods.a; sourceTree = BUILT_PRODUCTS_DIR; };
		56019DC51C913B4300BA8B5D /* QMQColumnListModel.h */ = {isa = PBXFileReference; fileEncoding = 4; lastKnownFileType = sourcecode.c.h; path = QMQColumnListModel.h; sourceTree = "<group>"; };
		56019DC61C913B4300BA8B5D /* QMQColumnListModel.m */ = {isa = PBXFileReference; fileEncoding = 4; lastKnownFileType = sourcecode.c.objc; path = QMQColumnListModel.m; sourceTree = "<group>"; };
		56019DC81C9152AF00BA8B5D /* QMQThemeListModel.h */ = {isa = PBXFileReference; fileEncoding = 4; lastKnownFileType = sourcecode.c.h; path = QMQThemeListModel.h; sourceTree = "<group>"; };
		56019DC91C9152AF00BA8B5D /* QMQThemeListModel.m */ = {isa = PBXFileReference; fileEncoding = 4; lastKnownFileType = sourcecode.c.objc; path = QMQThemeListModel.m; sourceTree = "<group>"; };
		56019DCB1C91572400BA8B5D /* QMQHistoryNewsListModel.h */ = {isa = PBXFileReference; fileEncoding = 4; lastKnownFileType = sourcecode.c.h; path = QMQHistoryNewsListModel.h; sourceTree = "<group>"; };
		56019DCC1C91572400BA8B5D /* QMQHistoryNewsListModel.m */ = {isa = PBXFileReference; fileEncoding = 4; lastKnownFileType = sourcecode.c.objc; path = QMQHistoryNewsListModel.m; sourceTree = "<group>"; };
		56019DD01C932FB800BA8B5D /* UIColor+Extensions.h */ = {isa = PBXFileReference; fileEncoding = 4; lastKnownFileType = sourcecode.c.h; path = "UIColor+Extensions.h"; sourceTree = "<group>"; };
		56019DD11C932FB800BA8B5D /* UIColor+Extensions.m */ = {isa = PBXFileReference; fileEncoding = 4; lastKnownFileType = sourcecode.c.objc; path = "UIColor+Extensions.m"; sourceTree = "<group>"; };
		56019DD31C93357F00BA8B5D /* FontMacros.h */ = {isa = PBXFileReference; fileEncoding = 4; lastKnownFileType = sourcecode.c.h; path = FontMacros.h; sourceTree = "<group>"; };
		5609E88B1C2FBA0600B72BCC /* ProductAPI.plist */ = {isa = PBXFileReference; fileEncoding = 4; lastKnownFileType = text.plist.xml; path = ProductAPI.plist; sourceTree = "<group>"; };
		5609E8A71C30190900B72BCC /* QMQHotNewsViewController.h */ = {isa = PBXFileReference; fileEncoding = 4; lastKnownFileType = sourcecode.c.h; path = QMQHotNewsViewController.h; sourceTree = "<group>"; };
		5609E8A81C30190900B72BCC /* QMQHotNewsViewController.m */ = {isa = PBXFileReference; fileEncoding = 4; lastKnownFileType = sourcecode.c.objc; path = QMQHotNewsViewController.m; sourceTree = "<group>"; };
		5609E8AA1C301CA100B72BCC /* QMQLatestNewsViewController.h */ = {isa = PBXFileReference; fileEncoding = 4; lastKnownFileType = sourcecode.c.h; path = QMQLatestNewsViewController.h; sourceTree = "<group>"; };
		5609E8AB1C301CA100B72BCC /* QMQLatestNewsViewController.m */ = {isa = PBXFileReference; fileEncoding = 4; lastKnownFileType = sourcecode.c.objc; path = QMQLatestNewsViewController.m; sourceTree = "<group>"; };
		5609E8B61C301D1E00B72BCC /* QMQColumnViewController.h */ = {isa = PBXFileReference; fileEncoding = 4; lastKnownFileType = sourcecode.c.h; path = QMQColumnViewController.h; sourceTree = "<group>"; };
		5609E8B71C301D1E00B72BCC /* QMQColumnViewController.m */ = {isa = PBXFileReference; fileEncoding = 4; lastKnownFileType = sourcecode.c.objc; path = QMQColumnViewController.m; sourceTree = "<group>"; };
		560E37021CC203700049D2AD /* QMQDotNetAPIClient.h */ = {isa = PBXFileReference; fileEncoding = 4; lastKnownFileType = sourcecode.c.h; path = QMQDotNetAPIClient.h; sourceTree = "<group>"; };
		560E37031CC203700049D2AD /* QMQDotNetAPIClient.m */ = {isa = PBXFileReference; fileEncoding = 4; lastKnownFileType = sourcecode.c.objc; path = QMQDotNetAPIClient.m; sourceTree = "<group>"; };
		5612A5251C57E591001F5C18 /* UIImageUtil.h */ = {isa = PBXFileReference; fileEncoding = 4; lastKnownFileType = sourcecode.c.h; path = UIImageUtil.h; sourceTree = "<group>"; };
		5612A5261C57E591001F5C18 /* UIImageUtil.m */ = {isa = PBXFileReference; fileEncoding = 4; lastKnownFileType = sourcecode.c.objc; path = UIImageUtil.m; sourceTree = "<group>"; };
		5620A4461C3D73AE00EDDD27 /* QMQHotNewsListModel.h */ = {isa = PBXFileReference; fileEncoding = 4; lastKnownFileType = sourcecode.c.h; path = QMQHotNewsListModel.h; sourceTree = "<group>"; };
		5620A4471C3D73AE00EDDD27 /* QMQHotNewsListModel.m */ = {isa = PBXFileReference; fileEncoding = 4; lastKnownFileType = sourcecode.c.objc; path = QMQHotNewsListModel.m; sourceTree = "<group>"; };
		5620A4491C3D740400EDDD27 /* QMQHotNewsModel.h */ = {isa = PBXFileReference; fileEncoding = 4; lastKnownFileType = sourcecode.c.h; path = QMQHotNewsModel.h; sourceTree = "<group>"; };
		5620A44A1C3D740400EDDD27 /* QMQHotNewsModel.m */ = {isa = PBXFileReference; fileEncoding = 4; lastKnownFileType = sourcecode.c.objc; path = QMQHotNewsModel.m; sourceTree = "<group>"; };
		5620A44C1C3D7B2400EDDD27 /* QMQHotNewsListViewModel.h */ = {isa = PBXFileReference; fileEncoding = 4; lastKnownFileType = sourcecode.c.h; path = QMQHotNewsListViewModel.h; sourceTree = "<group>"; };
		5620A44D1C3D7B2400EDDD27 /* QMQHotNewsListViewModel.m */ = {isa = PBXFileReference; fileEncoding = 4; lastKnownFileType = sourcecode.c.objc; path = QMQHotNewsListViewModel.m; sourceTree = "<group>"; };
		565259EF1CAE3FAE00CE56E5 /* QMQCommonDetailNewsViewController.h */ = {isa = PBXFileReference; fileEncoding = 4; lastKnownFileType = sourcecode.c.h; path = QMQCommonDetailNewsViewController.h; sourceTree = "<group>"; };
		565259F01CAE3FAE00CE56E5 /* QMQCommonDetailNewsViewController.m */ = {isa = PBXFileReference; fileEncoding = 4; lastKnownFileType = sourcecode.c.objc; path = QMQCommonDetailNewsViewController.m; sourceTree = "<group>"; };
		567B12D01CBB7DCD001F695E /* iconfont.ttf */ = {isa = PBXFileReference; lastKnownFileType = file; path = iconfont.ttf; sourceTree = "<group>"; };
		567B12D41CBC869A001F695E /* QMQLoginManager.h */ = {isa = PBXFileReference; fileEncoding = 4; lastKnownFileType = sourcecode.c.h; path = QMQLoginManager.h; sourceTree = "<group>"; };
		567B12D51CBC869A001F695E /* QMQLoginManager.m */ = {isa = PBXFileReference; fileEncoding = 4; lastKnownFileType = sourcecode.c.objc; path = QMQLoginManager.m; sourceTree = "<group>"; };
		567B12D71CBC8A80001F695E /* QMQAccountInfo.h */ = {isa = PBXFileReference; fileEncoding = 4; lastKnownFileType = sourcecode.c.h; path = QMQAccountInfo.h; sourceTree = "<group>"; };
		567B12D81CBC8A80001F695E /* QMQAccountInfo.m */ = {isa = PBXFileReference; fileEncoding = 4; lastKnownFileType = sourcecode.c.objc; path = QMQAccountInfo.m; sourceTree = "<group>"; };
		567B12DD1CBC9906001F695E /* QMQUserCenterViewController.h */ = {isa = PBXFileReference; fileEncoding = 4; lastKnownFileType = sourcecode.c.h; path = QMQUserCenterViewController.h; sourceTree = "<group>"; };
		567B12DE1CBC9906001F695E /* QMQUserCenterViewController.m */ = {isa = PBXFileReference; fileEncoding = 4; lastKnownFileType = sourcecode.c.objc; path = QMQUserCenterViewController.m; sourceTree = "<group>"; };
		568B92561CB89EDE008374F5 /* NSString+Extend.h */ = {isa = PBXFileReference; fileEncoding = 4; lastKnownFileType = sourcecode.c.h; path = "NSString+Extend.h"; sourceTree = "<group>"; };
		568B92571CB89EDE008374F5 /* NSString+Extend.m */ = {isa = PBXFileReference; fileEncoding = 4; lastKnownFileType = sourcecode.c.objc; path = "NSString+Extend.m"; sourceTree = "<group>"; };
		56942AFE1C74583A0066188D /* QMQLatestNewsViewModel.h */ = {isa = PBXFileReference; fileEncoding = 4; lastKnownFileType = sourcecode.c.h; path = QMQLatestNewsViewModel.h; sourceTree = "<group>"; };
		56942AFF1C74583A0066188D /* QMQLatestNewsViewModel.m */ = {isa = PBXFileReference; fileEncoding = 4; lastKnownFileType = sourcecode.c.objc; path = QMQLatestNewsViewModel.m; sourceTree = "<group>"; };
		56942B011C746C7F0066188D /* QMQLatestNewsModel.h */ = {isa = PBXFileReference; fileEncoding = 4; lastKnownFileType = sourcecode.c.h; path = QMQLatestNewsModel.h; sourceTree = "<group>"; };
		56942B021C746C7F0066188D /* QMQLatestNewsModel.m */ = {isa = PBXFileReference; fileEncoding = 4; lastKnownFileType = sourcecode.c.objc; path = QMQLatestNewsModel.m; sourceTree = "<group>"; };
		56942B041C7475A70066188D /* QMQLatestNewsTableViewCell.h */ = {isa = PBXFileReference; fileEncoding = 4; lastKnownFileType = sourcecode.c.h; path = QMQLatestNewsTableViewCell.h; sourceTree = "<group>"; };
		56942B051C7475A70066188D /* QMQLatestNewsTableViewCell.m */ = {isa = PBXFileReference; fileEncoding = 4; lastKnownFileType = sourcecode.c.objc; path = QMQLatestNewsTableViewCell.m; sourceTree = "<group>"; };
		569A5AE71C32CF400092ABA3 /* QMQHistoryNewsViewController.h */ = {isa = PBXFileReference; fileEncoding = 4; lastKnownFileType = sourcecode.c.h; path = QMQHistoryNewsViewController.h; sourceTree = "<group>"; };
		569A5AE81C32CF400092ABA3 /* QMQHistoryNewsViewController.m */ = {isa = PBXFileReference; fileEncoding = 4; lastKnownFileType = sourcecode.c.objc; path = QMQHistoryNewsViewController.m; sourceTree = "<group>"; };
		56A8F6891C9350D3007D34FE /* UIViewController+Swizzling.h */ = {isa = PBXFileReference; fileEncoding = 4; lastKnownFileType = sourcecode.c.h; path = "UIViewController+Swizzling.h"; sourceTree = "<group>"; };
		56A8F68A1C9350D3007D34FE /* UIViewController+Swizzling.m */ = {isa = PBXFileReference; fileEncoding = 4; lastKnownFileType = sourcecode.c.objc; path = "UIViewController+Swizzling.m"; sourceTree = "<group>"; };
		56A8F68C1C947293007D34FE /* QMQLatestNewsDetailViewModel.h */ = {isa = PBXFileReference; fileEncoding = 4; lastKnownFileType = sourcecode.c.h; path = QMQLatestNewsDetailViewModel.h; sourceTree = "<group>"; };
		56A8F68D1C947293007D34FE /* QMQLatestNewsDetailViewModel.m */ = {isa = PBXFileReference; fileEncoding = 4; lastKnownFileType = sourcecode.c.objc; path = QMQLatestNewsDetailViewModel.m; sourceTree = "<group>"; };
		56C841DD1CBA25D2002CF776 /* QMQThemeListViewController.h */ = {isa = PBXFileReference; fileEncoding = 4; lastKnownFileType = sourcecode.c.h; path = QMQThemeListViewController.h; sourceTree = "<group>"; };
		56C841DE1CBA25D2002CF776 /* QMQThemeListViewController.m */ = {isa = PBXFileReference; fileEncoding = 4; lastKnownFileType = sourcecode.c.objc; path = QMQThemeListViewController.m; sourceTree = "<group>"; };
		56C841E01CBA2620002CF776 /* QMQColumnListViewController.h */ = {isa = PBXFileReference; fileEncoding = 4; lastKnownFileType = sourcecode.c.h; path = QMQColumnListViewController.h; sourceTree = "<group>"; };
		56C841E11CBA2620002CF776 /* QMQColumnListViewController.m */ = {isa = PBXFileReference; fileEncoding = 4; lastKnownFileType = sourcecode.c.objc; path = QMQColumnListViewController.m; sourceTree = "<group>"; };
		56C841E31CBA28FB002CF776 /* QMQColumnListViewModel.h */ = {isa = PBXFileReference; fileEncoding = 4; lastKnownFileType = sourcecode.c.h; path = QMQColumnListViewModel.h; sourceTree = "<group>"; };
		56C841E41CBA28FB002CF776 /* QMQColumnListViewModel.m */ = {isa = PBXFileReference; fileEncoding = 4; lastKnownFileType = sourcecode.c.objc; path = QMQColumnListViewModel.m; sourceTree = "<group>"; };
		56C841ED1CBA32F3002CF776 /* QMQCommonTableViewCell.h */ = {isa = PBXFileReference; fileEncoding = 4; lastKnownFileType = sourcecode.c.h; path = QMQCommonTableViewCell.h; sourceTree = "<group>"; };
		56C841EE1CBA32F3002CF776 /* QMQCommonTableViewCell.m */ = {isa = PBXFileReference; fileEncoding = 4; lastKnownFileType = sourcecode.c.objc; path = QMQCommonTableViewCell.m; sourceTree = "<group>"; };
		56C841F11CBA37D1002CF776 /* QMQCommonModel.h */ = {isa = PBXFileReference; fileEncoding = 4; lastKnownFileType = sourcecode.c.h; path = QMQCommonModel.h; sourceTree = "<group>"; };
		56C841F21CBA37D1002CF776 /* QMQCommonModel.m */ = {isa = PBXFileReference; fileEncoding = 4; lastKnownFileType = sourcecode.c.objc; path = QMQCommonModel.m; sourceTree = "<group>"; };
		56C841F41CBA3C56002CF776 /* QMQCommonListModel.h */ = {isa = PBXFileReference; fileEncoding = 4; lastKnownFileType = sourcecode.c.h; path = QMQCommonListModel.h; sourceTree = "<group>"; };
		56C841F51CBA3C56002CF776 /* QMQCommonListModel.m */ = {isa = PBXFileReference; fileEncoding = 4; lastKnownFileType = sourcecode.c.objc; path = QMQCommonListModel.m; sourceTree = "<group>"; };
		56C841F71CBA446E002CF776 /* QMQCommonCellModel.h */ = {isa = PBXFileReference; fileEncoding = 4; lastKnownFileType = sourcecode.c.h; path = QMQCommonCellModel.h; sourceTree = "<group>"; };
		56C841F81CBA446E002CF776 /* QMQCommonCellModel.m */ = {isa = PBXFileReference; fileEncoding = 4; lastKnownFileType = sourcecode.c.objc; path = QMQCommonCellModel.m; sourceTree = "<group>"; };
		56C841FA1CBA8CBD002CF776 /* QMQThemeListViewModel.h */ = {isa = PBXFileReference; fileEncoding = 4; lastKnownFileType = sourcecode.c.h; path = QMQThemeListViewModel.h; sourceTree = "<group>"; };
		56C841FB1CBA8CBD002CF776 /* QMQThemeListViewModel.m */ = {isa = PBXFileReference; fileEncoding = 4; lastKnownFileType = sourcecode.c.objc; path = QMQThemeListViewModel.m; sourceTree = "<group>"; };
		56C841FF1CBAB083002CF776 /* Security.framework */ = {isa = PBXFileReference; lastKnownFileType = wrapper.framework; name = Security.framework; path = System/Library/Frameworks/Security.framework; sourceTree = SDKROOT; };
		56C842011CBAB0FD002CF776 /* SystemConfiguration.framework */ = {isa = PBXFileReference; lastKnownFileType = wrapper.framework; name = SystemConfiguration.framework; path = System/Library/Frameworks/SystemConfiguration.framework; sourceTree = SDKROOT; };
		56C842031CBAB10C002CF776 /* CoreGraphics.framework */ = {isa = PBXFileReference; lastKnownFileType = wrapper.framework; name = CoreGraphics.framework; path = System/Library/Frameworks/CoreGraphics.framework; sourceTree = SDKROOT; };
		56C842051CBAB122002CF776 /* libsqlite3.tbd */ = {isa = PBXFileReference; lastKnownFileType = "sourcecode.text-based-dylib-definition"; name = libsqlite3.tbd; path = usr/lib/libsqlite3.tbd; sourceTree = SDKROOT; };
		56C842071CBAB131002CF776 /* CoreTelephony.framework */ = {isa = PBXFileReference; lastKnownFileType = wrapper.framework; name = CoreTelephony.framework; path = System/Library/Frameworks/CoreTelephony.framework; sourceTree = SDKROOT; };
		56C842091CBAB142002CF776 /* libstdc++.tbd */ = {isa = PBXFileReference; lastKnownFileType = "sourcecode.text-based-dylib-definition"; name = "libstdc++.tbd"; path = "usr/lib/libstdc++.tbd"; sourceTree = SDKROOT; };
		56C8420B1CBAB14F002CF776 /* libz.tbd */ = {isa = PBXFileReference; lastKnownFileType = "sourcecode.text-based-dylib-definition"; name = libz.tbd; path = usr/lib/libz.tbd; sourceTree = SDKROOT; };
		56C8420D1CBAB15C002CF776 /* libiconv.tbd */ = {isa = PBXFileReference; lastKnownFileType = "sourcecode.text-based-dylib-definition"; name = libiconv.tbd; path = usr/lib/libiconv.tbd; sourceTree = SDKROOT; };
		56CDFB511CBB4A8F0068658D /* QMQLoginViewController.h */ = {isa = PBXFileReference; fileEncoding = 4; lastKnownFileType = sourcecode.c.h; path = QMQLoginViewController.h; sourceTree = "<group>"; };
		56CDFB521CBB4A8F0068658D /* QMQLoginViewController.m */ = {isa = PBXFileReference; fileEncoding = 4; lastKnownFileType = sourcecode.c.objc; path = QMQLoginViewController.m; sourceTree = "<group>"; };
		56CFA01D1C2F9BC7000779CF /* QMQZhiHuDaily.app */ = {isa = PBXFileReference; explicitFileType = wrapper.application; includeInIndex = 0; path = QMQZhiHuDaily.app; sourceTree = BUILT_PRODUCTS_DIR; };
		56CFA0211C2F9BC7000779CF /* main.m */ = {isa = PBXFileReference; lastKnownFileType = sourcecode.c.objc; path = main.m; sourceTree = "<group>"; };
		56CFA0231C2F9BC7000779CF /* AppDelegate.h */ = {isa = PBXFileReference; lastKnownFileType = sourcecode.c.h; path = AppDelegate.h; sourceTree = "<group>"; };
		56CFA0241C2F9BC7000779CF /* AppDelegate.m */ = {isa = PBXFileReference; lastKnownFileType = sourcecode.c.objc; path = AppDelegate.m; sourceTree = "<group>"; };
		56CFA02B1C2F9BC7000779CF /* Info.plist */ = {isa = PBXFileReference; lastKnownFileType = text.plist.xml; path = Info.plist; sourceTree = "<group>"; };
		56CFA0301C2F9BC7000779CF /* QMQZhiHuDailyTests.xctest */ = {isa = PBXFileReference; explicitFileType = wrapper.cfbundle; includeInIndex = 0; path = QMQZhiHuDailyTests.xctest; sourceTree = BUILT_PRODUCTS_DIR; };
		56CFA0341C2F9BC7000779CF /* QMQZhiHuDailyTests.m */ = {isa = PBXFileReference; lastKnownFileType = sourcecode.c.objc; path = QMQZhiHuDailyTests.m; sourceTree = "<group>"; };
		56CFA0361C2F9BC7000779CF /* Info.plist */ = {isa = PBXFileReference; lastKnownFileType = text.plist.xml; path = Info.plist; sourceTree = "<group>"; };
		56CFA03B1C2F9BC7000779CF /* QMQZhiHuDailyUITests.xctest */ = {isa = PBXFileReference; explicitFileType = wrapper.cfbundle; includeInIndex = 0; path = QMQZhiHuDailyUITests.xctest; sourceTree = BUILT_PRODUCTS_DIR; };
		56CFA03F1C2F9BC7000779CF /* QMQZhiHuDailyUITests.m */ = {isa = PBXFileReference; lastKnownFileType = sourcecode.c.objc; path = QMQZhiHuDailyUITests.m; sourceTree = "<group>"; };
		56CFA0411C2F9BC7000779CF /* Info.plist */ = {isa = PBXFileReference; lastKnownFileType = text.plist.xml; path = Info.plist; sourceTree = "<group>"; };
		56D5296C1C84263F00B3964B /* QMQHistoryNewsModel.h */ = {isa = PBXFileReference; fileEncoding = 4; lastKnownFileType = sourcecode.c.h; path = QMQHistoryNewsModel.h; sourceTree = "<group>"; };
		56D5296D1C84263F00B3964B /* QMQHistoryNewsModel.m */ = {isa = PBXFileReference; fileEncoding = 4; lastKnownFileType = sourcecode.c.objc; path = QMQHistoryNewsModel.m; sourceTree = "<group>"; };
		56D628711C31AC08001B77FB /* QMQZhiHuDaily-Prefix.pch */ = {isa = PBXFileReference; lastKnownFileType = sourcecode.c.h; path = "QMQZhiHuDaily-Prefix.pch"; sourceTree = "<group>"; };
		56E70D011C84745D002B6856 /* QMQColumnViewModel.h */ = {isa = PBXFileReference; fileEncoding = 4; lastKnownFileType = sourcecode.c.h; path = QMQColumnViewModel.h; sourceTree = "<group>"; };
		56E70D021C84745D002B6856 /* QMQColumnViewModel.m */ = {isa = PBXFileReference; fileEncoding = 4; lastKnownFileType = sourcecode.c.objc; path = QMQColumnViewModel.m; sourceTree = "<group>"; };
		56E70D041C847486002B6856 /* QMQColumnTableViewCell.h */ = {isa = PBXFileReference; fileEncoding = 4; lastKnownFileType = sourcecode.c.h; path = QMQColumnTableViewCell.h; sourceTree = "<group>"; };
		56E70D051C847486002B6856 /* QMQColumnTableViewCell.m */ = {isa = PBXFileReference; fileEncoding = 4; lastKnownFileType = sourcecode.c.objc; path = QMQColumnTableViewCell.m; sourceTree = "<group>"; };
		56E70D0A1C8474DA002B6856 /* QMQHistoryNewsTableViewCell.h */ = {isa = PBXFileReference; fileEncoding = 4; lastKnownFileType = sourcecode.c.h; path = QMQHistoryNewsTableViewCell.h; sourceTree = "<group>"; };
		56E70D0B1C8474DA002B6856 /* QMQHistoryNewsTableViewCell.m */ = {isa = PBXFileReference; fileEncoding = 4; lastKnownFileType = sourcecode.c.objc; path = QMQHistoryNewsTableViewCell.m; sourceTree = "<group>"; };
		56E70D0D1C847503002B6856 /* QMQHistoryNewsViewModel.h */ = {isa = PBXFileReference; fileEncoding = 4; lastKnownFileType = sourcecode.c.h; path = QMQHistoryNewsViewModel.h; sourceTree = "<group>"; };
		56E70D0E1C847503002B6856 /* QMQHistoryNewsViewModel.m */ = {isa = PBXFileReference; fileEncoding = 4; lastKnownFileType = sourcecode.c.objc; path = QMQHistoryNewsViewModel.m; sourceTree = "<group>"; };
		56E70D151C8475CF002B6856 /* QMQThemeViewController.h */ = {isa = PBXFileReference; fileEncoding = 4; lastKnownFileType = sourcecode.c.h; path = QMQThemeViewController.h; sourceTree = "<group>"; };
		56E70D161C8475CF002B6856 /* QMQThemeViewController.m */ = {isa = PBXFileReference; fileEncoding = 4; lastKnownFileType = sourcecode.c.objc; path = QMQThemeViewController.m; sourceTree = "<group>"; };
		56E70D181C8475CF002B6856 /* QMQThemeModel.h */ = {isa = PBXFileReference; fileEncoding = 4; lastKnownFileType = sourcecode.c.h; path = QMQThemeModel.h; sourceTree = "<group>"; };
		56E70D191C8475CF002B6856 /* QMQThemeModel.m */ = {isa = PBXFileReference; fileEncoding = 4; lastKnownFileType = sourcecode.c.objc; path = QMQThemeModel.m; sourceTree = "<group>"; };
		56E70D1B1C8475CF002B6856 /* QMQThemeTableViewCell.h */ = {isa = PBXFileReference; fileEncoding = 4; lastKnownFileType = sourcecode.c.h; path = QMQThemeTableViewCell.h; sourceTree = "<group>"; };
		56E70D1C1C8475CF002B6856 /* QMQThemeTableViewCell.m */ = {isa = PBXFileReference; fileEncoding = 4; lastKnownFileType = sourcecode.c.objc; path = QMQThemeTableViewCell.m; sourceTree = "<group>"; };
		56E70D1E1C8475CF002B6856 /* QMQThemeViewModel.h */ = {isa = PBXFileReference; fileEncoding = 4; lastKnownFileType = sourcecode.c.h; path = QMQThemeViewModel.h; sourceTree = "<group>"; };
		56E70D1F1C8475CF002B6856 /* QMQThemeViewModel.m */ = {isa = PBXFileReference; fileEncoding = 4; lastKnownFileType = sourcecode.c.objc; path = QMQThemeViewModel.m; sourceTree = "<group>"; };
		56ED33B21C57A6A10061CA81 /* QMQHttpBaseResponse.h */ = {isa = PBXFileReference; fileEncoding = 4; lastKnownFileType = sourcecode.c.h; path = QMQHttpBaseResponse.h; sourceTree = "<group>"; };
		56ED33B31C57A6A10061CA81 /* QMQHttpBaseResponse.m */ = {isa = PBXFileReference; fileEncoding = 4; lastKnownFileType = sourcecode.c.objc; path = QMQHttpBaseResponse.m; sourceTree = "<group>"; };
		56ED33B41C57A6A10061CA81 /* QMQHttpBaseService.h */ = {isa = PBXFileReference; fileEncoding = 4; lastKnownFileType = sourcecode.c.h; path = QMQHttpBaseService.h; sourceTree = "<group>"; };
		56ED33B51C57A6A10061CA81 /* QMQHttpBaseService.m */ = {isa = PBXFileReference; fileEncoding = 4; lastKnownFileType = sourcecode.c.objc; path = QMQHttpBaseService.m; sourceTree = "<group>"; };
		56ED33B61C57A6A10061CA81 /* QMQHttpService.h */ = {isa = PBXFileReference; fileEncoding = 4; lastKnownFileType = sourcecode.c.h; path = QMQHttpService.h; sourceTree = "<group>"; };
		56ED33B71C57A6A10061CA81 /* QMQHttpService.m */ = {isa = PBXFileReference; fileEncoding = 4; lastKnownFileType = sourcecode.c.objc; path = QMQHttpService.m; sourceTree = "<group>"; };
		56ED33BE1C57A8140061CA81 /* ApiMacro.h */ = {isa = PBXFileReference; lastKnownFileType = sourcecode.c.h; path = ApiMacro.h; sourceTree = "<group>"; };
		56ED33C01C57A8460061CA81 /* PathMacros.h */ = {isa = PBXFileReference; lastKnownFileType = sourcecode.c.h; path = PathMacros.h; sourceTree = "<group>"; };
		56ED33C11C57A8630061CA81 /* UtilsMacros.h */ = {isa = PBXFileReference; lastKnownFileType = sourcecode.c.h; path = UtilsMacros.h; sourceTree = "<group>"; };
		56ED33C41C57A8D60061CA81 /* Macros.h */ = {isa = PBXFileReference; lastKnownFileType = sourcecode.c.h; path = Macros.h; sourceTree = "<group>"; };
		56F1ADF71C74A5C000DCA66C /* UIImageView+WebImageFadeInEffect.h */ = {isa = PBXFileReference; fileEncoding = 4; lastKnownFileType = sourcecode.c.h; path = "UIImageView+WebImageFadeInEffect.h"; sourceTree = "<group>"; };
		56F1ADF81C74A5C000DCA66C /* UIImageView+WebImageFadeInEffect.m */ = {isa = PBXFileReference; fileEncoding = 4; lastKnownFileType = sourcecode.c.objc; path = "UIImageView+WebImageFadeInEffect.m"; sourceTree = "<group>"; };
		56F2DB5A1C81DA1400D0D15F /* QMQRacHttpService.h */ = {isa = PBXFileReference; fileEncoding = 4; lastKnownFileType = sourcecode.c.h; path = QMQRacHttpService.h; sourceTree = "<group>"; };
		56F2DB5B1C81DA1400D0D15F /* QMQRacHttpService.m */ = {isa = PBXFileReference; fileEncoding = 4; lastKnownFileType = sourcecode.c.objc; path = QMQRacHttpService.m; sourceTree = "<group>"; };
		56F2DB5E1C829D1900D0D15F /* QMQIconFont.h */ = {isa = PBXFileReference; fileEncoding = 4; lastKnownFileType = sourcecode.c.h; path = QMQIconFont.h; sourceTree = "<group>"; };
		56F2DB5F1C829D1900D0D15F /* QMQIconFont.m */ = {isa = PBXFileReference; fileEncoding = 4; lastKnownFileType = sourcecode.c.objc; path = QMQIconFont.m; sourceTree = "<group>"; };
		56F2DB621C829D5F00D0D15F /* QMQRacBaseViewModel.h */ = {isa = PBXFileReference; fileEncoding = 4; lastKnownFileType = sourcecode.c.h; path = QMQRacBaseViewModel.h; sourceTree = "<group>"; };
		56F2DB631C829D5F00D0D15F /* QMQRacBaseViewModel.m */ = {isa = PBXFileReference; fileEncoding = 4; lastKnownFileType = sourcecode.c.objc; path = QMQRacBaseViewModel.m; sourceTree = "<group>"; };
		56F2DB651C832F1700D0D15F /* QMQHotNewsTableViewCell.h */ = {isa = PBXFileReference; fileEncoding = 4; lastKnownFileType = sourcecode.c.h; path = QMQHotNewsTableViewCell.h; sourceTree = "<group>"; };
		56F2DB661C832F1700D0D15F /* QMQHotNewsTableViewCell.m */ = {isa = PBXFileReference; fileEncoding = 4; lastKnownFileType = sourcecode.c.objc; path = QMQHotNewsTableViewCell.m; sourceTree = "<group>"; };
		56F2DB6B1C834B6C00D0D15F /* QMQColumnModel.h */ = {isa = PBXFileReference; fileEncoding = 4; lastKnownFileType = sourcecode.c.h; path = QMQColumnModel.h; sourceTree = "<group>"; };
		56F2DB6C1C834B6C00D0D15F /* QMQColumnModel.m */ = {isa = PBXFileReference; fileEncoding = 4; lastKnownFileType = sourcecode.c.objc; path = QMQColumnModel.m; sourceTree = "<group>"; };
		56F48C901C3DFB310072822F /* UIView+Layout.h */ = {isa = PBXFileReference; fileEncoding = 4; lastKnownFileType = sourcecode.c.h; path = "UIView+Layout.h"; sourceTree = "<group>"; };
		56F48C911C3DFB310072822F /* UIView+Layout.m */ = {isa = PBXFileReference; fileEncoding = 4; lastKnownFileType = sourcecode.c.objc; path = "UIView+Layout.m"; sourceTree = "<group>"; };
		56F48C931C3E018D0072822F /* Images.xcassets */ = {isa = PBXFileReference; lastKnownFileType = folder.assetcatalog; path = Images.xcassets; sourceTree = "<group>"; };
		56F5184D1CC34C0000C501FF /* QMQNSStringExtendTests.m */ = {isa = PBXFileReference; fileEncoding = 4; lastKnownFileType = sourcecode.c.objc; path = QMQNSStringExtendTests.m; sourceTree = "<group>"; };
		56FF56421C7F668400D53AA6 /* QMQLatestNewsDetailModel.h */ = {isa = PBXFileReference; fileEncoding = 4; lastKnownFileType = sourcecode.c.h; path = QMQLatestNewsDetailModel.h; sourceTree = "<group>"; };
		56FF56431C7F668400D53AA6 /* QMQLatestNewsDetailModel.m */ = {isa = PBXFileReference; fileEncoding = 4; lastKnownFileType = sourcecode.c.objc; path = QMQLatestNewsDetailModel.m; sourceTree = "<group>"; };
		A4EDD146FE73ACB078CEC730 /* Pods.debug.xcconfig */ = {isa = PBXFileReference; includeInIndex = 1; lastKnownFileType = text.xcconfig; name = Pods.debug.xcconfig; path = "Pods/Target Support Files/Pods/Pods.debug.xcconfig"; sourceTree = "<group>"; };
		E86FB02A1691273C4420DCD3 /* Pods.release.xcconfig */ = {isa = PBXFileReference; includeInIndex = 1; lastKnownFileType = text.xcconfig; name = Pods.release.xcconfig; path = "Pods/Target Support Files/Pods/Pods.release.xcconfig"; sourceTree = "<group>"; };
/* End PBXFileReference section */

/* Begin PBXFrameworksBuildPhase section */
		56CFA01A1C2F9BC7000779CF /* Frameworks */ = {
			isa = PBXFrameworksBuildPhase;
			buildActionMask = 2147483647;
			files = (
				ED19098C4D4BEE156FE57F81 /* libPods.a in Frameworks */,
			);
			runOnlyForDeploymentPostprocessing = 0;
		};
		56CFA02D1C2F9BC7000779CF /* Frameworks */ = {
			isa = PBXFrameworksBuildPhase;
			buildActionMask = 2147483647;
			files = (
			);
			runOnlyForDeploymentPostprocessing = 0;
		};
		56CFA0381C2F9BC7000779CF /* Frameworks */ = {
			isa = PBXFrameworksBuildPhase;
			buildActionMask = 2147483647;
			files = (
			);
			runOnlyForDeploymentPostprocessing = 0;
		};
/* End PBXFrameworksBuildPhase section */

/* Begin PBXGroup section */
		56019DCF1C932F5400BA8B5D /* UIColor */ = {
			isa = PBXGroup;
			children = (
				56019DD01C932FB800BA8B5D /* UIColor+Extensions.h */,
				56019DD11C932FB800BA8B5D /* UIColor+Extensions.m */,
			);
			path = UIColor;
			sourceTree = "<group>";
		};
		5609E8931C3018F100B72BCC /* Column */ = {
			isa = PBXGroup;
			children = (
				5609E8941C3018F100B72BCC /* Controller */,
				56F2DB681C834AF600D0D15F /* ViewModel */,
				5609E8951C3018F100B72BCC /* Model */,
				5609E8961C3018F100B72BCC /* View */,
			);
			path = Column;
			sourceTree = "<group>";
		};
		5609E8941C3018F100B72BCC /* Controller */ = {
			isa = PBXGroup;
			children = (
				5609E8B61C301D1E00B72BCC /* QMQColumnViewController.h */,
				5609E8B71C301D1E00B72BCC /* QMQColumnViewController.m */,
				56C841E01CBA2620002CF776 /* QMQColumnListViewController.h */,
				56C841E11CBA2620002CF776 /* QMQColumnListViewController.m */,
			);
			path = Controller;
			sourceTree = "<group>";
		};
		5609E8951C3018F100B72BCC /* Model */ = {
			isa = PBXGroup;
			children = (
				56019DC51C913B4300BA8B5D /* QMQColumnListModel.h */,
				56019DC61C913B4300BA8B5D /* QMQColumnListModel.m */,
				56F2DB6B1C834B6C00D0D15F /* QMQColumnModel.h */,
				56F2DB6C1C834B6C00D0D15F /* QMQColumnModel.m */,
			);
			path = Model;
			sourceTree = "<group>";
		};
		5609E8961C3018F100B72BCC /* View */ = {
			isa = PBXGroup;
			children = (
				56E70D041C847486002B6856 /* QMQColumnTableViewCell.h */,
				56E70D051C847486002B6856 /* QMQColumnTableViewCell.m */,
			);
			path = View;
			sourceTree = "<group>";
		};
		5609E8971C3018F100B72BCC /* HotNews */ = {
			isa = PBXGroup;
			children = (
				5609E8981C3018F100B72BCC /* Controller */,
				5620A4441C3D4DB900EDDD27 /* ViewModel */,
				5609E8991C3018F100B72BCC /* Model */,
				5609E89A1C3018F100B72BCC /* View */,
			);
			path = HotNews;
			sourceTree = "<group>";
		};
		5609E8981C3018F100B72BCC /* Controller */ = {
			isa = PBXGroup;
			children = (
				5609E8A71C30190900B72BCC /* QMQHotNewsViewController.h */,
				5609E8A81C30190900B72BCC /* QMQHotNewsViewController.m */,
			);
			path = Controller;
			sourceTree = "<group>";
		};
		5609E8991C3018F100B72BCC /* Model */ = {
			isa = PBXGroup;
			children = (
				5620A4461C3D73AE00EDDD27 /* QMQHotNewsListModel.h */,
				5620A4471C3D73AE00EDDD27 /* QMQHotNewsListModel.m */,
				5620A4491C3D740400EDDD27 /* QMQHotNewsModel.h */,
				5620A44A1C3D740400EDDD27 /* QMQHotNewsModel.m */,
			);
			path = Model;
			sourceTree = "<group>";
		};
		5609E89A1C3018F100B72BCC /* View */ = {
			isa = PBXGroup;
			children = (
				56F2DB651C832F1700D0D15F /* QMQHotNewsTableViewCell.h */,
				56F2DB661C832F1700D0D15F /* QMQHotNewsTableViewCell.m */,
			);
			path = View;
			sourceTree = "<group>";
		};
		5609E89B1C3018F100B72BCC /* LatestNews */ = {
			isa = PBXGroup;
			children = (
				5609E89C1C3018F100B72BCC /* Controller */,
				56942AFD1C7457DE0066188D /* ViewModel */,
				5609E89E1C3018F100B72BCC /* View */,
				5609E89D1C3018F100B72BCC /* Model */,
			);
			path = LatestNews;
			sourceTree = "<group>";
		};
		5609E89C1C3018F100B72BCC /* Controller */ = {
			isa = PBXGroup;
			children = (
				5609E8AA1C301CA100B72BCC /* QMQLatestNewsViewController.h */,
				5609E8AB1C301CA100B72BCC /* QMQLatestNewsViewController.m */,
			);
			path = Controller;
			sourceTree = "<group>";
		};
		5609E89D1C3018F100B72BCC /* Model */ = {
			isa = PBXGroup;
			children = (
				56942B011C746C7F0066188D /* QMQLatestNewsModel.h */,
				56942B021C746C7F0066188D /* QMQLatestNewsModel.m */,
				56FF56421C7F668400D53AA6 /* QMQLatestNewsDetailModel.h */,
				56FF56431C7F668400D53AA6 /* QMQLatestNewsDetailModel.m */,
			);
			path = Model;
			sourceTree = "<group>";
		};
		5609E89E1C3018F100B72BCC /* View */ = {
			isa = PBXGroup;
			children = (
				56942B041C7475A70066188D /* QMQLatestNewsTableViewCell.h */,
				56942B051C7475A70066188D /* QMQLatestNewsTableViewCell.m */,
			);
			path = View;
			sourceTree = "<group>";
		};
		5612A5241C57E591001F5C18 /* UIImageUtil */ = {
			isa = PBXGroup;
			children = (
				5612A5251C57E591001F5C18 /* UIImageUtil.h */,
				5612A5261C57E591001F5C18 /* UIImageUtil.m */,
			);
			path = UIImageUtil;
			sourceTree = "<group>";
		};
		5620A4441C3D4DB900EDDD27 /* ViewModel */ = {
			isa = PBXGroup;
			children = (
				5620A44C1C3D7B2400EDDD27 /* QMQHotNewsListViewModel.h */,
				5620A44D1C3D7B2400EDDD27 /* QMQHotNewsListViewModel.m */,
			);
			path = ViewModel;
			sourceTree = "<group>";
		};
		565259ED1CAE3F7400CE56E5 /* Common */ = {
			isa = PBXGroup;
			children = (
				565259EE1CAE3F8C00CE56E5 /* ViewController */,
				56C841F01CBA37BA002CF776 /* Model */,
				56C841EC1CBA32B8002CF776 /* Cell */,
			);
			path = Common;
			sourceTree = "<group>";
		};
		565259EE1CAE3F8C00CE56E5 /* ViewController */ = {
			isa = PBXGroup;
			children = (
				565259EF1CAE3FAE00CE56E5 /* QMQCommonDetailNewsViewController.h */,
				565259F01CAE3FAE00CE56E5 /* QMQCommonDetailNewsViewController.m */,
			);
			path = ViewController;
			sourceTree = "<group>";
		};
		568B92551CB89EBA008374F5 /* NSString */ = {
			isa = PBXGroup;
			children = (
				568B92561CB89EDE008374F5 /* NSString+Extend.h */,
				568B92571CB89EDE008374F5 /* NSString+Extend.m */,
			);
			path = NSString;
			sourceTree = "<group>";
		};
		56942AFD1C7457DE0066188D /* ViewModel */ = {
			isa = PBXGroup;
			children = (
				56942AFE1C74583A0066188D /* QMQLatestNewsViewModel.h */,
				56942AFF1C74583A0066188D /* QMQLatestNewsViewModel.m */,
				56A8F68C1C947293007D34FE /* QMQLatestNewsDetailViewModel.h */,
				56A8F68D1C947293007D34FE /* QMQLatestNewsDetailViewModel.m */,
			);
			path = ViewModel;
			sourceTree = "<group>";
		};
		569A5AE51C32CF400092ABA3 /* HistoryNews */ = {
			isa = PBXGroup;
			children = (
				569A5AE61C32CF400092ABA3 /* Controller */,
				56F2DB6A1C834B2400D0D15F /* ViewModel */,
				569A5AE91C32CF400092ABA3 /* Model */,
				569A5AEA1C32CF400092ABA3 /* View */,
			);
			path = HistoryNews;
			sourceTree = "<group>";
		};
		569A5AE61C32CF400092ABA3 /* Controller */ = {
			isa = PBXGroup;
			children = (
				569A5AE71C32CF400092ABA3 /* QMQHistoryNewsViewController.h */,
				569A5AE81C32CF400092ABA3 /* QMQHistoryNewsViewController.m */,
			);
			path = Controller;
			sourceTree = "<group>";
		};
		569A5AE91C32CF400092ABA3 /* Model */ = {
			isa = PBXGroup;
			children = (
				56019DCB1C91572400BA8B5D /* QMQHistoryNewsListModel.h */,
				56019DCC1C91572400BA8B5D /* QMQHistoryNewsListModel.m */,
				56D5296C1C84263F00B3964B /* QMQHistoryNewsModel.h */,
				56D5296D1C84263F00B3964B /* QMQHistoryNewsModel.m */,
			);
			path = Model;
			sourceTree = "<group>";
		};
		569A5AEA1C32CF400092ABA3 /* View */ = {
			isa = PBXGroup;
			children = (
				56E70D0A1C8474DA002B6856 /* QMQHistoryNewsTableViewCell.h */,
				56E70D0B1C8474DA002B6856 /* QMQHistoryNewsTableViewCell.m */,
			);
			path = View;
			sourceTree = "<group>";
		};
		56A8F6881C935098007D34FE /* UIViewController */ = {
			isa = PBXGroup;
			children = (
				56A8F6891C9350D3007D34FE /* UIViewController+Swizzling.h */,
				56A8F68A1C9350D3007D34FE /* UIViewController+Swizzling.m */,
			);
			path = UIViewController;
			sourceTree = "<group>";
		};
		56C841EC1CBA32B8002CF776 /* Cell */ = {
			isa = PBXGroup;
			children = (
				56C841ED1CBA32F3002CF776 /* QMQCommonTableViewCell.h */,
				56C841EE1CBA32F3002CF776 /* QMQCommonTableViewCell.m */,
			);
			path = Cell;
			sourceTree = "<group>";
		};
		56C841F01CBA37BA002CF776 /* Model */ = {
			isa = PBXGroup;
			children = (
				56C841F41CBA3C56002CF776 /* QMQCommonListModel.h */,
				56C841F51CBA3C56002CF776 /* QMQCommonListModel.m */,
				56C841F71CBA446E002CF776 /* QMQCommonCellModel.h */,
				56C841F81CBA446E002CF776 /* QMQCommonCellModel.m */,
				56C841F11CBA37D1002CF776 /* QMQCommonModel.h */,
				56C841F21CBA37D1002CF776 /* QMQCommonModel.m */,
			);
			path = Model;
			sourceTree = "<group>";
		};
		56CDFB4D1CBB461A0068658D /* Login */ = {
			isa = PBXGroup;
			children = (
				56CDFB4E1CBB461A0068658D /* Controller */,
				56CDFB4F1CBB461A0068658D /* Model */,
				56CDFB501CBB461A0068658D /* View */,
				567B12D41CBC869A001F695E /* QMQLoginManager.h */,
				567B12D51CBC869A001F695E /* QMQLoginManager.m */,
			);
			path = Login;
			sourceTree = "<group>";
		};
		56CDFB4E1CBB461A0068658D /* Controller */ = {
			isa = PBXGroup;
			children = (
				56CDFB511CBB4A8F0068658D /* QMQLoginViewController.h */,
				56CDFB521CBB4A8F0068658D /* QMQLoginViewController.m */,
				567B12DD1CBC9906001F695E /* QMQUserCenterViewController.h */,
				567B12DE1CBC9906001F695E /* QMQUserCenterViewController.m */,
			);
			path = Controller;
			sourceTree = "<group>";
		};
		56CDFB4F1CBB461A0068658D /* Model */ = {
			isa = PBXGroup;
			children = (
				567B12D71CBC8A80001F695E /* QMQAccountInfo.h */,
				567B12D81CBC8A80001F695E /* QMQAccountInfo.m */,
			);
			path = Model;
			sourceTree = "<group>";
		};
		56CDFB501CBB461A0068658D /* View */ = {
			isa = PBXGroup;
			children = (
			);
			path = View;
			sourceTree = "<group>";
		};
		56CFA0141C2F9BC7000779CF = {
			isa = PBXGroup;
			children = (
				56CFA01F1C2F9BC7000779CF /* QMQZhiHuDaily */,
				56CFA0331C2F9BC7000779CF /* QMQZhiHuDailyTests */,
				56CFA03E1C2F9BC7000779CF /* QMQZhiHuDailyUITests */,
				56CFA01E1C2F9BC7000779CF /* Products */,
				E1F53B0BABADFD43686515B6 /* Pods */,
				D4B9DA578CE0827B8E8BC09B /* Frameworks */,
			);
			sourceTree = "<group>";
		};
		56CFA01E1C2F9BC7000779CF /* Products */ = {
			isa = PBXGroup;
			children = (
				56CFA01D1C2F9BC7000779CF /* QMQZhiHuDaily.app */,
				56CFA0301C2F9BC7000779CF /* QMQZhiHuDailyTests.xctest */,
				56CFA03B1C2F9BC7000779CF /* QMQZhiHuDailyUITests.xctest */,
			);
			name = Products;
			sourceTree = "<group>";
		};
		56CFA01F1C2F9BC7000779CF /* QMQZhiHuDaily */ = {
			isa = PBXGroup;
			children = (
				56CFA04D1C2F9C7E000779CF /* Main */,
				56F48C8B1C3DF9E50072822F /* Category */,
				56ED33BB1C57A7440061CA81 /* Macro */,
				56D628721C31B1F1001B77FB /* Utils */,
				56CFA04E1C2F9C7E000779CF /* Resource */,
				56CFA0201C2F9BC7000779CF /* Supporting Files */,
			);
			path = QMQZhiHuDaily;
			sourceTree = "<group>";
		};
		56CFA0201C2F9BC7000779CF /* Supporting Files */ = {
			isa = PBXGroup;
			children = (
				56CFA0231C2F9BC7000779CF /* AppDelegate.h */,
				56CFA0241C2F9BC7000779CF /* AppDelegate.m */,
				56D628711C31AC08001B77FB /* QMQZhiHuDaily-Prefix.pch */,
				56CFA02B1C2F9BC7000779CF /* Info.plist */,
				56CFA0211C2F9BC7000779CF /* main.m */,
				5609E88B1C2FBA0600B72BCC /* ProductAPI.plist */,
			);
			name = "Supporting Files";
			sourceTree = "<group>";
		};
		56CFA0331C2F9BC7000779CF /* QMQZhiHuDailyTests */ = {
			isa = PBXGroup;
			children = (
				56CFA0341C2F9BC7000779CF /* QMQZhiHuDailyTests.m */,
				56CFA0361C2F9BC7000779CF /* Info.plist */,
				56F5184D1CC34C0000C501FF /* QMQNSStringExtendTests.m */,
			);
			path = QMQZhiHuDailyTests;
			sourceTree = "<group>";
		};
		56CFA03E1C2F9BC7000779CF /* QMQZhiHuDailyUITests */ = {
			isa = PBXGroup;
			children = (
				56CFA03F1C2F9BC7000779CF /* QMQZhiHuDailyUITests.m */,
				56CFA0411C2F9BC7000779CF /* Info.plist */,
			);
			path = QMQZhiHuDailyUITests;
			sourceTree = "<group>";
		};
		56CFA04D1C2F9C7E000779CF /* Main */ = {
			isa = PBXGroup;
			children = (
				5609E8971C3018F100B72BCC /* HotNews */,
				5609E89B1C3018F100B72BCC /* LatestNews */,
				5609E8931C3018F100B72BCC /* Column */,
				56E70D131C8475CF002B6856 /* Theme */,
				569A5AE51C32CF400092ABA3 /* HistoryNews */,
				56CDFB4D1CBB461A0068658D /* Login */,
				565259ED1CAE3F7400CE56E5 /* Common */,
			);
			path = Main;
			sourceTree = "<group>";
		};
		56CFA04E1C2F9C7E000779CF /* Resource */ = {
			isa = PBXGroup;
			children = (
				567B12D01CBB7DCD001F695E /* iconfont.ttf */,
				56F48C931C3E018D0072822F /* Images.xcassets */,
			);
			path = Resource;
			sourceTree = "<group>";
		};
		56D628721C31B1F1001B77FB /* Utils */ = {
			isa = PBXGroup;
			children = (
				56F2DB611C829D3900D0D15F /* ViewModel */,
				56F2DB5D1C829D1900D0D15F /* IconFont */,
				5612A5241C57E591001F5C18 /* UIImageUtil */,
				56ED33B11C57A6A10061CA81 /* Network */,
			);
			path = Utils;
			sourceTree = "<group>";
		};
		56E70D131C8475CF002B6856 /* Theme */ = {
			isa = PBXGroup;
			children = (
				56E70D141C8475CF002B6856 /* Controller */,
				56E70D1D1C8475CF002B6856 /* ViewModel */,
				56E70D171C8475CF002B6856 /* Model */,
				56E70D1A1C8475CF002B6856 /* View */,
			);
			path = Theme;
			sourceTree = "<group>";
		};
		56E70D141C8475CF002B6856 /* Controller */ = {
			isa = PBXGroup;
			children = (
				56E70D151C8475CF002B6856 /* QMQThemeViewController.h */,
				56E70D161C8475CF002B6856 /* QMQThemeViewController.m */,
				56C841DD1CBA25D2002CF776 /* QMQThemeListViewController.h */,
				56C841DE1CBA25D2002CF776 /* QMQThemeListViewController.m */,
			);
			path = Controller;
			sourceTree = "<group>";
		};
		56E70D171C8475CF002B6856 /* Model */ = {
			isa = PBXGroup;
			children = (
				56019DC81C9152AF00BA8B5D /* QMQThemeListModel.h */,
				56019DC91C9152AF00BA8B5D /* QMQThemeListModel.m */,
				56E70D181C8475CF002B6856 /* QMQThemeModel.h */,
				56E70D191C8475CF002B6856 /* QMQThemeModel.m */,
			);
			path = Model;
			sourceTree = "<group>";
		};
		56E70D1A1C8475CF002B6856 /* View */ = {
			isa = PBXGroup;
			children = (
				56E70D1B1C8475CF002B6856 /* QMQThemeTableViewCell.h */,
				56E70D1C1C8475CF002B6856 /* QMQThemeTableViewCell.m */,
			);
			path = View;
			sourceTree = "<group>";
		};
		56E70D1D1C8475CF002B6856 /* ViewModel */ = {
			isa = PBXGroup;
			children = (
				56E70D1E1C8475CF002B6856 /* QMQThemeViewModel.h */,
				56E70D1F1C8475CF002B6856 /* QMQThemeViewModel.m */,
				56C841FA1CBA8CBD002CF776 /* QMQThemeListViewModel.h */,
				56C841FB1CBA8CBD002CF776 /* QMQThemeListViewModel.m */,
			);
			path = ViewModel;
			sourceTree = "<group>";
		};
		56ED33B11C57A6A10061CA81 /* Network */ = {
			isa = PBXGroup;
			children = (
				56ED33B21C57A6A10061CA81 /* QMQHttpBaseResponse.h */,
				56ED33B31C57A6A10061CA81 /* QMQHttpBaseResponse.m */,
				56ED33B41C57A6A10061CA81 /* QMQHttpBaseService.h */,
				56ED33B51C57A6A10061CA81 /* QMQHttpBaseService.m */,
				56ED33B61C57A6A10061CA81 /* QMQHttpService.h */,
				56ED33B71C57A6A10061CA81 /* QMQHttpService.m */,
				56F2DB5A1C81DA1400D0D15F /* QMQRacHttpService.h */,
				56F2DB5B1C81DA1400D0D15F /* QMQRacHttpService.m */,
				560E37021CC203700049D2AD /* QMQDotNetAPIClient.h */,
				560E37031CC203700049D2AD /* QMQDotNetAPIClient.m */,
			);
			path = Network;
			sourceTree = "<group>";
		};
		56ED33BB1C57A7440061CA81 /* Macro */ = {
			isa = PBXGroup;
			children = (
				56ED33BE1C57A8140061CA81 /* ApiMacro.h */,
				56ED33C01C57A8460061CA81 /* PathMacros.h */,
				56ED33C11C57A8630061CA81 /* UtilsMacros.h */,
				56019DD31C93357F00BA8B5D /* FontMacros.h */,
				56ED33C41C57A8D60061CA81 /* Macros.h */,
			);
			path = Macro;
			sourceTree = "<group>";
		};
		56F1ADF61C74A56900DCA66C /* UIImageView */ = {
			isa = PBXGroup;
			children = (
				56F1ADF71C74A5C000DCA66C /* UIImageView+WebImageFadeInEffect.h */,
				56F1ADF81C74A5C000DCA66C /* UIImageView+WebImageFadeInEffect.m */,
			);
			path = UIImageView;
			sourceTree = "<group>";
		};
		56F2DB5D1C829D1900D0D15F /* IconFont */ = {
			isa = PBXGroup;
			children = (
				56F2DB5E1C829D1900D0D15F /* QMQIconFont.h */,
				56F2DB5F1C829D1900D0D15F /* QMQIconFont.m */,
			);
			path = IconFont;
			sourceTree = "<group>";
		};
		56F2DB611C829D3900D0D15F /* ViewModel */ = {
			isa = PBXGroup;
			children = (
				56F2DB621C829D5F00D0D15F /* QMQRacBaseViewModel.h */,
				56F2DB631C829D5F00D0D15F /* QMQRacBaseViewModel.m */,
			);
			path = ViewModel;
			sourceTree = "<group>";
		};
		56F2DB681C834AF600D0D15F /* ViewModel */ = {
			isa = PBXGroup;
			children = (
				56E70D011C84745D002B6856 /* QMQColumnViewModel.h */,
				56E70D021C84745D002B6856 /* QMQColumnViewModel.m */,
				56C841E31CBA28FB002CF776 /* QMQColumnListViewModel.h */,
				56C841E41CBA28FB002CF776 /* QMQColumnListViewModel.m */,
			);
			path = ViewModel;
			sourceTree = "<group>";
		};
		56F2DB6A1C834B2400D0D15F /* ViewModel */ = {
			isa = PBXGroup;
			children = (
				56E70D0D1C847503002B6856 /* QMQHistoryNewsViewModel.h */,
				56E70D0E1C847503002B6856 /* QMQHistoryNewsViewModel.m */,
			);
			path = ViewModel;
			sourceTree = "<group>";
		};
		56F48C8B1C3DF9E50072822F /* Category */ = {
			isa = PBXGroup;
			children = (
				568B92551CB89EBA008374F5 /* NSString */,
				56A8F6881C935098007D34FE /* UIViewController */,
				56019DCF1C932F5400BA8B5D /* UIColor */,
				56F1ADF61C74A56900DCA66C /* UIImageView */,
				56F48C8C1C3DFA050072822F /* UIView */,
			);
			path = Category;
			sourceTree = "<group>";
		};
		56F48C8C1C3DFA050072822F /* UIView */ = {
			isa = PBXGroup;
			children = (
				56F48C901C3DFB310072822F /* UIView+Layout.h */,
				56F48C911C3DFB310072822F /* UIView+Layout.m */,
			);
			path = UIView;
			sourceTree = "<group>";
		};
		D4B9DA578CE0827B8E8BC09B /* Frameworks */ = {
			isa = PBXGroup;
			children = (
				56C8420D1CBAB15C002CF776 /* libiconv.tbd */,
				56C8420B1CBAB14F002CF776 /* libz.tbd */,
				56C842091CBAB142002CF776 /* libstdc++.tbd */,
				56C842071CBAB131002CF776 /* CoreTelephony.framework */,
				56C842051CBAB122002CF776 /* libsqlite3.tbd */,
				56C842031CBAB10C002CF776 /* CoreGraphics.framework */,
				56C842011CBAB0FD002CF776 /* SystemConfiguration.framework */,
				56C841FF1CBAB083002CF776 /* Security.framework */,
				2EEBC261ED597358B57E4EAC /* libPods.a */,
			);
			name = Frameworks;
			sourceTree = "<group>";
		};
		E1F53B0BABADFD43686515B6 /* Pods */ = {
			isa = PBXGroup;
			children = (
				A4EDD146FE73ACB078CEC730 /* Pods.debug.xcconfig */,
				E86FB02A1691273C4420DCD3 /* Pods.release.xcconfig */,
			);
			name = Pods;
			sourceTree = "<group>";
		};
/* End PBXGroup section */

/* Begin PBXNativeTarget section */
		56CFA01C1C2F9BC7000779CF /* QMQZhiHuDaily */ = {
			isa = PBXNativeTarget;
			buildConfigurationList = 56CFA0441C2F9BC7000779CF /* Build configuration list for PBXNativeTarget "QMQZhiHuDaily" */;
			buildPhases = (
				5E55A88939FA45FCEE3E52FD /* Check Pods Manifest.lock */,
				56CFA0191C2F9BC7000779CF /* Sources */,
				56CFA01A1C2F9BC7000779CF /* Frameworks */,
				56CFA01B1C2F9BC7000779CF /* Resources */,
				8A085364D2D2B868C5A9526E /* Embed Pods Frameworks */,
				E54AC602E8FE7AE4A2652562 /* Copy Pods Resources */,
				566CAB831C3A58A10085D76C /* TODO as warning */,
				564F9ACC1C75703E0041CD07 /* Embed Frameworks */,
				5685E4B81C8DD33D00D5BC3B /* ShellScript */,
			);
			buildRules = (
			);
			dependencies = (
			);
			name = QMQZhiHuDaily;
			productName = QMQZhiHuDaily;
			productReference = 56CFA01D1C2F9BC7000779CF /* QMQZhiHuDaily.app */;
			productType = "com.apple.product-type.application";
		};
		56CFA02F1C2F9BC7000779CF /* QMQZhiHuDailyTests */ = {
			isa = PBXNativeTarget;
			buildConfigurationList = 56CFA0471C2F9BC7000779CF /* Build configuration list for PBXNativeTarget "QMQZhiHuDailyTests" */;
			buildPhases = (
				56CFA02C1C2F9BC7000779CF /* Sources */,
				56CFA02D1C2F9BC7000779CF /* Frameworks */,
				56CFA02E1C2F9BC7000779CF /* Resources */,
			);
			buildRules = (
			);
			dependencies = (
				56CFA0321C2F9BC7000779CF /* PBXTargetDependency */,
			);
			name = QMQZhiHuDailyTests;
			productName = QMQZhiHuDailyTests;
			productReference = 56CFA0301C2F9BC7000779CF /* QMQZhiHuDailyTests.xctest */;
			productType = "com.apple.product-type.bundle.unit-test";
		};
		56CFA03A1C2F9BC7000779CF /* QMQZhiHuDailyUITests */ = {
			isa = PBXNativeTarget;
			buildConfigurationList = 56CFA04A1C2F9BC7000779CF /* Build configuration list for PBXNativeTarget "QMQZhiHuDailyUITests" */;
			buildPhases = (
				56CFA0371C2F9BC7000779CF /* Sources */,
				56CFA0381C2F9BC7000779CF /* Frameworks */,
				56CFA0391C2F9BC7000779CF /* Resources */,
			);
			buildRules = (
			);
			dependencies = (
				56CFA03D1C2F9BC7000779CF /* PBXTargetDependency */,
			);
			name = QMQZhiHuDailyUITests;
			productName = QMQZhiHuDailyUITests;
			productReference = 56CFA03B1C2F9BC7000779CF /* QMQZhiHuDailyUITests.xctest */;
			productType = "com.apple.product-type.bundle.ui-testing";
		};
/* End PBXNativeTarget section */

/* Begin PBXProject section */
		56CFA0151C2F9BC7000779CF /* Project object */ = {
			isa = PBXProject;
			attributes = {
				CLASSPREFIX = QMQ;
				LastUpgradeCheck = 0720;
				ORGANIZATIONNAME = Charles.Qiu;
				TargetAttributes = {
					56CFA01C1C2F9BC7000779CF = {
						CreatedOnToolsVersion = 7.2;
					};
					56CFA02F1C2F9BC7000779CF = {
						CreatedOnToolsVersion = 7.2;
						TestTargetID = 56CFA01C1C2F9BC7000779CF;
					};
					56CFA03A1C2F9BC7000779CF = {
						CreatedOnToolsVersion = 7.2;
						TestTargetID = 56CFA01C1C2F9BC7000779CF;
					};
				};
			};
			buildConfigurationList = 56CFA0181C2F9BC7000779CF /* Build configuration list for PBXProject "QMQZhiHuDaily" */;
			compatibilityVersion = "Xcode 3.2";
			developmentRegion = English;
			hasScannedForEncodings = 0;
			knownRegions = (
				en,
				Base,
			);
			mainGroup = 56CFA0141C2F9BC7000779CF;
			productRefGroup = 56CFA01E1C2F9BC7000779CF /* Products */;
			projectDirPath = "";
			projectRoot = "";
			targets = (
				56CFA01C1C2F9BC7000779CF /* QMQZhiHuDaily */,
				56CFA02F1C2F9BC7000779CF /* QMQZhiHuDailyTests */,
				56CFA03A1C2F9BC7000779CF /* QMQZhiHuDailyUITests */,
			);
		};
/* End PBXProject section */

/* Begin PBXResourcesBuildPhase section */
		56CFA01B1C2F9BC7000779CF /* Resources */ = {
			isa = PBXResourcesBuildPhase;
			buildActionMask = 2147483647;
			files = (
				567B12D11CBB7DCD001F695E /* iconfont.ttf in Resources */,
				56F48C941C3E018D0072822F /* Images.xcassets in Resources */,
				5609E88C1C2FBA0600B72BCC /* ProductAPI.plist in Resources */,
			);
			runOnlyForDeploymentPostprocessing = 0;
		};
		56CFA02E1C2F9BC7000779CF /* Resources */ = {
			isa = PBXResourcesBuildPhase;
			buildActionMask = 2147483647;
			files = (
			);
			runOnlyForDeploymentPostprocessing = 0;
		};
		56CFA0391C2F9BC7000779CF /* Resources */ = {
			isa = PBXResourcesBuildPhase;
			buildActionMask = 2147483647;
			files = (
			);
			runOnlyForDeploymentPostprocessing = 0;
		};
/* End PBXResourcesBuildPhase section */

/* Begin PBXShellScriptBuildPhase section */
		566CAB831C3A58A10085D76C /* TODO as warning */ = {
			isa = PBXShellScriptBuildPhase;
			buildActionMask = 2147483647;
			files = (
			);
			inputPaths = (
			);
			name = "TODO as warning";
			outputPaths = (
			);
			runOnlyForDeploymentPostprocessing = 0;
			shellPath = /bin/sh;
			shellScript = "KEYWORDS=\"TODO:\"\nfind \"${SRCROOT}\" \\( -name \"*.h\" -or -name \"*.m\" \\) -print0 | xargs -0 egrep --with-filename --line-number --only-matching \"($KEYWORDS).*\\$\" | perl -p -e \"s/($KEYWORDS)/ warning: \\$1/\"";
		};
		5685E4B81C8DD33D00D5BC3B /* ShellScript */ = {
			isa = PBXShellScriptBuildPhase;
			buildActionMask = 2147483647;
			files = (
			);
			inputPaths = (
			);
			outputPaths = (
			);
			runOnlyForDeploymentPostprocessing = 0;
			shellPath = /bin/sh;
			shellScript = "\"${PODS_ROOT}/Fabric/run\" 54a172ef52b310c2daea55130d5694f4480d3a9a 6ff6474510b2850ff8f40d2040f5ce2fef8c53bf319538d602818444bb3f58a3";
		};
		5E55A88939FA45FCEE3E52FD /* Check Pods Manifest.lock */ = {
			isa = PBXShellScriptBuildPhase;
			buildActionMask = 2147483647;
			files = (
			);
			inputPaths = (
			);
			name = "Check Pods Manifest.lock";
			outputPaths = (
			);
			runOnlyForDeploymentPostprocessing = 0;
			shellPath = /bin/sh;
			shellScript = "diff \"${PODS_ROOT}/../Podfile.lock\" \"${PODS_ROOT}/Manifest.lock\" > /dev/null\nif [[ $? != 0 ]] ; then\n    cat << EOM\nerror: The sandbox is not in sync with the Podfile.lock. Run 'pod install' or update your CocoaPods installation.\nEOM\n    exit 1\nfi\n";
			showEnvVarsInLog = 0;
		};
		8A085364D2D2B868C5A9526E /* Embed Pods Frameworks */ = {
			isa = PBXShellScriptBuildPhase;
			buildActionMask = 2147483647;
			files = (
			);
			inputPaths = (
			);
			name = "Embed Pods Frameworks";
			outputPaths = (
			);
			runOnlyForDeploymentPostprocessing = 0;
			shellPath = /bin/sh;
			shellScript = "\"${SRCROOT}/Pods/Target Support Files/Pods/Pods-frameworks.sh\"\n";
			showEnvVarsInLog = 0;
		};
		E54AC602E8FE7AE4A2652562 /* Copy Pods Resources */ = {
			isa = PBXShellScriptBuildPhase;
			buildActionMask = 2147483647;
			files = (
			);
			inputPaths = (
			);
			name = "Copy Pods Resources";
			outputPaths = (
			);
			runOnlyForDeploymentPostprocessing = 0;
			shellPath = /bin/sh;
			shellScript = "\"${SRCROOT}/Pods/Target Support Files/Pods/Pods-resources.sh\"\n";
			showEnvVarsInLog = 0;
		};
/* End PBXShellScriptBuildPhase section */

/* Begin PBXSourcesBuildPhase section */
		56CFA0191C2F9BC7000779CF /* Sources */ = {
			isa = PBXSourcesBuildPhase;
			buildActionMask = 2147483647;
			files = (
				567B12DF1CBC9906001F695E /* QMQUserCenterViewController.m in Sources */,
				5609E8B81C301D1E00B72BCC /* QMQColumnViewController.m in Sources */,
				567B12D91CBC8A80001F695E /* QMQAccountInfo.m in Sources */,
				569A5AEB1C32CF400092ABA3 /* QMQHistoryNewsViewController.m in Sources */,
				56C841E21CBA2620002CF776 /* QMQColumnListViewController.m in Sources */,
				56C841F31CBA37D1002CF776 /* QMQCommonModel.m in Sources */,
				565259F11CAE3FAE00CE56E5 /* QMQCommonDetailNewsViewController.m in Sources */,
				56C841E51CBA28FB002CF776 /* QMQColumnListViewModel.m in Sources */,
				56F2DB671C832F1700D0D15F /* QMQHotNewsTableViewCell.m in Sources */,
				56ED33BA1C57A6A10061CA81 /* QMQHttpService.m in Sources */,
				56A8F68E1C947293007D34FE /* QMQLatestNewsDetailViewModel.m in Sources */,
				56C841DF1CBA25D2002CF776 /* QMQThemeListViewController.m in Sources */,
				56F2DB6D1C834B6C00D0D15F /* QMQColumnModel.m in Sources */,
				56A8F68B1C9350D3007D34FE /* UIViewController+Swizzling.m in Sources */,
				56942B001C74583A0066188D /* QMQLatestNewsViewModel.m in Sources */,
				56E70D221C8475CF002B6856 /* QMQThemeTableViewCell.m in Sources */,
				5612A5281C57E591001F5C18 /* UIImageUtil.m in Sources */,
				5620A44E1C3D7B2400EDDD27 /* QMQHotNewsListViewModel.m in Sources */,
				56F1ADF91C74A5C000DCA66C /* UIImageView+WebImageFadeInEffect.m in Sources */,
				56F2DB601C829D1900D0D15F /* QMQIconFont.m in Sources */,
				56F2DB5C1C81DA1400D0D15F /* QMQRacHttpService.m in Sources */,
				56942B031C746C7F0066188D /* QMQLatestNewsModel.m in Sources */,
				56019DD21C932FB800BA8B5D /* UIColor+Extensions.m in Sources */,
				56C841EF1CBA32F3002CF776 /* QMQCommonTableViewCell.m in Sources */,
				5609E8AC1C301CA100B72BCC /* QMQLatestNewsViewController.m in Sources */,
				56E70D231C8475CF002B6856 /* QMQThemeViewModel.m in Sources */,
				56E70D0C1C8474DA002B6856 /* QMQHistoryNewsTableViewCell.m in Sources */,
				56E70D211C8475CF002B6856 /* QMQThemeModel.m in Sources */,
				5620A4481C3D73AE00EDDD27 /* QMQHotNewsListModel.m in Sources */,
				567B12D61CBC869A001F695E /* QMQLoginManager.m in Sources */,
				5620A44B1C3D740400EDDD27 /* QMQHotNewsModel.m in Sources */,
				56942B061C7475A70066188D /* QMQLatestNewsTableViewCell.m in Sources */,
				56C841F91CBA446E002CF776 /* QMQCommonCellModel.m in Sources */,
				560E37041CC203700049D2AD /* QMQDotNetAPIClient.m in Sources */,
				56019DCD1C91572400BA8B5D /* QMQHistoryNewsListModel.m in Sources */,
				56E70D201C8475CF002B6856 /* QMQThemeViewController.m in Sources */,
				56D5296E1C84263F00B3964B /* QMQHistoryNewsModel.m in Sources */,
				56F2DB641C829D5F00D0D15F /* QMQRacBaseViewModel.m in Sources */,
				56C841FC1CBA8CBD002CF776 /* QMQThemeListViewModel.m in Sources */,
				56019DC71C913B4300BA8B5D /* QMQColumnListModel.m in Sources */,
				56E70D031C84745D002B6856 /* QMQColumnViewModel.m in Sources */,
				56CDFB531CBB4A8F0068658D /* QMQLoginViewController.m in Sources */,
				56ED33B91C57A6A10061CA81 /* QMQHttpBaseService.m in Sources */,
				56F48C921C3DFB310072822F /* UIView+Layout.m in Sources */,
				568B92581CB89EDE008374F5 /* NSString+Extend.m in Sources */,
				56019DCA1C9152AF00BA8B5D /* QMQThemeListModel.m in Sources */,
				56CFA0251C2F9BC7000779CF /* AppDelegate.m in Sources */,
				56C841F61CBA3C56002CF776 /* QMQCommonListModel.m in Sources */,
				56FF56441C7F668400D53AA6 /* QMQLatestNewsDetailModel.m in Sources */,
				56CFA0221C2F9BC7000779CF /* main.m in Sources */,
				56E70D061C847486002B6856 /* QMQColumnTableViewCell.m in Sources */,
				56ED33B81C57A6A10061CA81 /* QMQHttpBaseResponse.m in Sources */,
				56E70D0F1C847503002B6856 /* QMQHistoryNewsViewModel.m in Sources */,
				5609E8A91C30190900B72BCC /* QMQHotNewsViewController.m in Sources */,
			);
			runOnlyForDeploymentPostprocessing = 0;
		};
		56CFA02C1C2F9BC7000779CF /* Sources */ = {
			isa = PBXSourcesBuildPhase;
			buildActionMask = 2147483647;
			files = (
				56CFA0351C2F9BC7000779CF /* QMQZhiHuDailyTests.m in Sources */,
				56F5184E1CC34C0000C501FF /* QMQNSStringExtendTests.m in Sources */,
			);
			runOnlyForDeploymentPostprocessing = 0;
		};
		56CFA0371C2F9BC7000779CF /* Sources */ = {
			isa = PBXSourcesBuildPhase;
			buildActionMask = 2147483647;
			files = (
				56CFA0401C2F9BC7000779CF /* QMQZhiHuDailyUITests.m in Sources */,
			);
			runOnlyForDeploymentPostprocessing = 0;
		};
/* End PBXSourcesBuildPhase section */

/* Begin PBXTargetDependency section */
		56CFA0321C2F9BC7000779CF /* PBXTargetDependency */ = {
			isa = PBXTargetDependency;
			target = 56CFA01C1C2F9BC7000779CF /* QMQZhiHuDaily */;
			targetProxy = 56CFA0311C2F9BC7000779CF /* PBXContainerItemProxy */;
		};
		56CFA03D1C2F9BC7000779CF /* PBXTargetDependency */ = {
			isa = PBXTargetDependency;
			target = 56CFA01C1C2F9BC7000779CF /* QMQZhiHuDaily */;
			targetProxy = 56CFA03C1C2F9BC7000779CF /* PBXContainerItemProxy */;
		};
/* End PBXTargetDependency section */

/* Begin XCBuildConfiguration section */
		56CFA0421C2F9BC7000779CF /* Debug */ = {
			isa = XCBuildConfiguration;
			buildSettings = {
				ALWAYS_SEARCH_USER_PATHS = NO;
				CLANG_CXX_LANGUAGE_STANDARD = "gnu++0x";
				CLANG_CXX_LIBRARY = "libc++";
				CLANG_ENABLE_MODULES = YES;
				CLANG_ENABLE_OBJC_ARC = YES;
				CLANG_WARN_BOOL_CONVERSION = YES;
				CLANG_WARN_CONSTANT_CONVERSION = YES;
				CLANG_WARN_DIRECT_OBJC_ISA_USAGE = YES_ERROR;
				CLANG_WARN_EMPTY_BODY = YES;
				CLANG_WARN_ENUM_CONVERSION = YES;
				CLANG_WARN_INT_CONVERSION = YES;
				CLANG_WARN_OBJC_ROOT_CLASS = YES_ERROR;
				CLANG_WARN_UNREACHABLE_CODE = YES;
				CLANG_WARN__DUPLICATE_METHOD_MATCH = YES;
				"CODE_SIGN_IDENTITY[sdk=iphoneos*]" = "iPhone Developer";
				COPY_PHASE_STRIP = NO;
				DEBUG_INFORMATION_FORMAT = dwarf;
				ENABLE_STRICT_OBJC_MSGSEND = YES;
				ENABLE_TESTABILITY = YES;
				GCC_C_LANGUAGE_STANDARD = gnu99;
				GCC_DYNAMIC_NO_PIC = NO;
				GCC_NO_COMMON_BLOCKS = YES;
				GCC_OPTIMIZATION_LEVEL = 0;
				GCC_PREPROCESSOR_DEFINITIONS = (
					"DEBUG=1",
					"$(inherited)",
				);
				GCC_WARN_64_TO_32_BIT_CONVERSION = YES;
				GCC_WARN_ABOUT_RETURN_TYPE = YES_ERROR;
				GCC_WARN_UNDECLARED_SELECTOR = YES;
				GCC_WARN_UNINITIALIZED_AUTOS = YES_AGGRESSIVE;
				GCC_WARN_UNUSED_FUNCTION = YES;
				GCC_WARN_UNUSED_VARIABLE = YES;
				IPHONEOS_DEPLOYMENT_TARGET = 8.0;
				MTL_ENABLE_DEBUG_INFO = YES;
				ONLY_ACTIVE_ARCH = YES;
				SDKROOT = iphoneos;
			};
			name = Debug;
		};
		56CFA0431C2F9BC7000779CF /* Release */ = {
			isa = XCBuildConfiguration;
			buildSettings = {
				ALWAYS_SEARCH_USER_PATHS = NO;
				CLANG_CXX_LANGUAGE_STANDARD = "gnu++0x";
				CLANG_CXX_LIBRARY = "libc++";
				CLANG_ENABLE_MODULES = YES;
				CLANG_ENABLE_OBJC_ARC = YES;
				CLANG_WARN_BOOL_CONVERSION = YES;
				CLANG_WARN_CONSTANT_CONVERSION = YES;
				CLANG_WARN_DIRECT_OBJC_ISA_USAGE = YES_ERROR;
				CLANG_WARN_EMPTY_BODY = YES;
				CLANG_WARN_ENUM_CONVERSION = YES;
				CLANG_WARN_INT_CONVERSION = YES;
				CLANG_WARN_OBJC_ROOT_CLASS = YES_ERROR;
				CLANG_WARN_UNREACHABLE_CODE = YES;
				CLANG_WARN__DUPLICATE_METHOD_MATCH = YES;
				"CODE_SIGN_IDENTITY[sdk=iphoneos*]" = "iPhone Developer";
				COPY_PHASE_STRIP = NO;
				DEBUG_INFORMATION_FORMAT = "dwarf-with-dsym";
				ENABLE_NS_ASSERTIONS = NO;
				ENABLE_STRICT_OBJC_MSGSEND = YES;
				GCC_C_LANGUAGE_STANDARD = gnu99;
				GCC_NO_COMMON_BLOCKS = YES;
				GCC_WARN_64_TO_32_BIT_CONVERSION = YES;
				GCC_WARN_ABOUT_RETURN_TYPE = YES_ERROR;
				GCC_WARN_UNDECLARED_SELECTOR = YES;
				GCC_WARN_UNINITIALIZED_AUTOS = YES_AGGRESSIVE;
				GCC_WARN_UNUSED_FUNCTION = YES;
				GCC_WARN_UNUSED_VARIABLE = YES;
				IPHONEOS_DEPLOYMENT_TARGET = 8.0;
				MTL_ENABLE_DEBUG_INFO = NO;
				SDKROOT = iphoneos;
				VALIDATE_PRODUCT = YES;
			};
			name = Release;
		};
		56CFA0451C2F9BC7000779CF /* Debug */ = {
			isa = XCBuildConfiguration;
			baseConfigurationReference = A4EDD146FE73ACB078CEC730 /* Pods.debug.xcconfig */;
			buildSettings = {
				ASSETCATALOG_COMPILER_APPICON_NAME = AppIcon;
				ASSETCATALOG_COMPILER_LAUNCHIMAGE_NAME = LaunchImage;
				CODE_SIGN_IDENTITY = "iPhone Developer";
				"CODE_SIGN_IDENTITY[sdk=iphoneos*]" = "iPhone Developer";
				CONFIGURATION_TEMP_DIR = "$(PROJECT_TEMP_DIR)/$(CONFIGURATION)$(EFFECTIVE_PLATFORM_NAME)";
				DEBUG_INFORMATION_FORMAT = "dwarf-with-dsym";
				FRAMEWORK_SEARCH_PATHS = (
					"$(inherited)",
					"$(PROJECT_DIR)",
					"$(PROJECT_DIR)/QMQZhiHuDaily/OpenSDKs/TencentOpenSDK",
				);
				GCC_PREFIX_HEADER = "$SRCROOT/$PROJECT_NAME/QMQZhiHuDaily-Prefix.pch";
				INFOPLIST_FILE = QMQZhiHuDaily/Info.plist;
				IPHONEOS_DEPLOYMENT_TARGET = 8.0;
				LD_RUNPATH_SEARCH_PATHS = "$(inherited) @executable_path/Frameworks";
				LIBRARY_SEARCH_PATHS = "";
				OTHER_LDFLAGS = (
					"$(inherited)",
					"-ObjC",
					"-l\"AFNetworking\"",
					"-l\"CocoaLumberjack\"",
					"-l\"DTCoreText\"",
					"-l\"DTFoundation\"",
					"-l\"Masonry\"",
					"-l\"ReactiveCocoa\"",
					"-l\"SDWebImage\"",
					"-l\"c++\"",
					"-l\"xml2\"",
					"-l\"z\"",
					"-framework",
					"\"CoreGraphics\"",
					"-framework",
					"\"CoreText\"",
					"-framework",
					"\"Crashlytics\"",
					"-framework",
					"\"Fabric\"",
					"-framework",
					"\"Foundation\"",
					"-framework",
					"\"ImageIO\"",
					"-framework",
					"\"MediaPlayer\"",
					"-framework",
					"\"MobileCoreServices\"",
					"-framework",
					"\"QuartzCore\"",
					"-framework",
					"\"Security\"",
					"-framework",
					"\"SystemConfiguration\"",
					"-framework",
					"\"UIKit\"",
					"-fobjc-arc",
				);
				PRODUCT_BUNDLE_IDENTIFIER = com.charles.zhihuribao;
				PRODUCT_NAME = "$(TARGET_NAME)";
				PROVISIONING_PROFILE = "";
			};
			name = Debug;
		};
		56CFA0461C2F9BC7000779CF /* Release */ = {
			isa = XCBuildConfiguration;
			baseConfigurationReference = E86FB02A1691273C4420DCD3 /* Pods.release.xcconfig */;
			buildSettings = {
				ASSETCATALOG_COMPILER_APPICON_NAME = AppIcon;
				ASSETCATALOG_COMPILER_LAUNCHIMAGE_NAME = LaunchImage;
				CODE_SIGN_IDENTITY = "iPhone Developer";
				"CODE_SIGN_IDENTITY[sdk=iphoneos*]" = "iPhone Developer";
				CONFIGURATION_TEMP_DIR = "$(PROJECT_TEMP_DIR)/$(CONFIGURATION)$(EFFECTIVE_PLATFORM_NAME)";
				FRAMEWORK_SEARCH_PATHS = (
					"$(inherited)",
					"$(PROJECT_DIR)",
					"$(PROJECT_DIR)/QMQZhiHuDaily/OpenSDKs/TencentOpenSDK",
				);
				GCC_PREFIX_HEADER = "$SRCROOT/$PROJECT_NAME/QMQZhiHuDaily-Prefix.pch";
				INFOPLIST_FILE = QMQZhiHuDaily/Info.plist;
				IPHONEOS_DEPLOYMENT_TARGET = 8.0;
				LD_RUNPATH_SEARCH_PATHS = "$(inherited) @executable_path/Frameworks";
				LIBRARY_SEARCH_PATHS = "";
				OTHER_LDFLAGS = (
					"$(inherited)",
					"-ObjC",
					"-l\"AFNetworking\"",
					"-l\"CocoaLumberjack\"",
					"-l\"DTCoreText\"",
					"-l\"DTFoundation\"",
					"-l\"Masonry\"",
					"-l\"ReactiveCocoa\"",
					"-l\"SDWebImage\"",
					"-l\"c++\"",
					"-l\"xml2\"",
					"-l\"z\"",
					"-framework",
					"\"CoreGraphics\"",
					"-framework",
					"\"CoreText\"",
					"-framework",
					"\"Crashlytics\"",
					"-framework",
					"\"Fabric\"",
					"-framework",
					"\"Foundation\"",
					"-framework",
					"\"ImageIO\"",
					"-framework",
					"\"MediaPlayer\"",
					"-framework",
					"\"MobileCoreServices\"",
					"-framework",
					"\"QuartzCore\"",
					"-framework",
					"\"Security\"",
					"-framework",
					"\"SystemConfiguration\"",
					"-framework",
					"\"UIKit\"",
					"-fobjc-arc",
				);
				PRODUCT_BUNDLE_IDENTIFIER = com.charles.zhihuribao;
				PRODUCT_NAME = "$(TARGET_NAME)";
				PROVISIONING_PROFILE = "";
			};
			name = Release;
		};
		56CFA0481C2F9BC7000779CF /* Debug */ = {
			isa = XCBuildConfiguration;
			buildSettings = {
				BUNDLE_LOADER = "$(TEST_HOST)";
				INFOPLIST_FILE = QMQZhiHuDailyTests/Info.plist;
				LD_RUNPATH_SEARCH_PATHS = "$(inherited) @executable_path/Frameworks @loader_path/Frameworks";
				PRODUCT_BUNDLE_IDENTIFIER = CQ.QMQZhiHuDailyTests;
				PRODUCT_NAME = "$(TARGET_NAME)";
				TEST_HOST = "$(BUILT_PRODUCTS_DIR)/QMQZhiHuDaily.app/QMQZhiHuDaily";
			};
			name = Debug;
		};
		56CFA0491C2F9BC7000779CF /* Release */ = {
			isa = XCBuildConfiguration;
			buildSettings = {
				BUNDLE_LOADER = "$(TEST_HOST)";
				INFOPLIST_FILE = QMQZhiHuDailyTests/Info.plist;
				LD_RUNPATH_SEARCH_PATHS = "$(inherited) @executable_path/Frameworks @loader_path/Frameworks";
				PRODUCT_BUNDLE_IDENTIFIER = CQ.QMQZhiHuDailyTests;
				PRODUCT_NAME = "$(TARGET_NAME)";
				TEST_HOST = "$(BUILT_PRODUCTS_DIR)/QMQZhiHuDaily.app/QMQZhiHuDaily";
			};
			name = Release;
		};
		56CFA04B1C2F9BC7000779CF /* Debug */ = {
			isa = XCBuildConfiguration;
			buildSettings = {
				INFOPLIST_FILE = QMQZhiHuDailyUITests/Info.plist;
				LD_RUNPATH_SEARCH_PATHS = "$(inherited) @executable_path/Frameworks @loader_path/Frameworks";
				PRODUCT_BUNDLE_IDENTIFIER = CQ.QMQZhiHuDailyUITests;
				PRODUCT_NAME = "$(TARGET_NAME)";
				TEST_TARGET_NAME = QMQZhiHuDaily;
				USES_XCTRUNNER = YES;
			};
			name = Debug;
		};
		56CFA04C1C2F9BC7000779CF /* Release */ = {
			isa = XCBuildConfiguration;
			buildSettings = {
				INFOPLIST_FILE = QMQZhiHuDailyUITests/Info.plist;
				LD_RUNPATH_SEARCH_PATHS = "$(inherited) @executable_path/Frameworks @loader_path/Frameworks";
				PRODUCT_BUNDLE_IDENTIFIER = CQ.QMQZhiHuDailyUITests;
				PRODUCT_NAME = "$(TARGET_NAME)";
				TEST_TARGET_NAME = QMQZhiHuDaily;
				USES_XCTRUNNER = YES;
			};
			name = Release;
		};
/* End XCBuildConfiguration section */

/* Begin XCConfigurationList section */
		56CFA0181C2F9BC7000779CF /* Build configuration list for PBXProject "QMQZhiHuDaily" */ = {
			isa = XCConfigurationList;
			buildConfigurations = (
				56CFA0421C2F9BC7000779CF /* Debug */,
				56CFA0431C2F9BC7000779CF /* Release */,
			);
			defaultConfigurationIsVisible = 0;
			defaultConfigurationName = Release;
		};
		56CFA0441C2F9BC7000779CF /* Build configuration list for PBXNativeTarget "QMQZhiHuDaily" */ = {
			isa = XCConfigurationList;
			buildConfigurations = (
				56CFA0451C2F9BC7000779CF /* Debug */,
				56CFA0461C2F9BC7000779CF /* Release */,
			);
			defaultConfigurationIsVisible = 0;
			defaultConfigurationName = Release;
		};
		56CFA0471C2F9BC7000779CF /* Build configuration list for PBXNativeTarget "QMQZhiHuDailyTests" */ = {
			isa = XCConfigurationList;
			buildConfigurations = (
				56CFA0481C2F9BC7000779CF /* Debug */,
				56CFA0491C2F9BC7000779CF /* Release */,
			);
			defaultConfigurationIsVisible = 0;
			defaultConfigurationName = Release;
		};
		56CFA04A1C2F9BC7000779CF /* Build configuration list for PBXNativeTarget "QMQZhiHuDailyUITests" */ = {
			isa = XCConfigurationList;
			buildConfigurations = (
				56CFA04B1C2F9BC7000779CF /* Debug */,
				56CFA04C1C2F9BC7000779CF /* Release */,
			);
			defaultConfigurationIsVisible = 0;
			defaultConfigurationName = Release;
		};
/* End XCConfigurationList section */
	};
	rootObject = 56CFA0151C2F9BC7000779CF /* Project object */;
}
